// !$*UTF8*$!
{
	archiveVersion = 1;
	classes = {
	};
	objectVersion = 50;
	objects = {

/* Begin PBXBuildFile section */
		041FAF6E2227BF200038F7B4 /* WTBaseViewController.m in Sources */ = {isa = PBXBuildFile; fileRef = 041FAF6D2227BF200038F7B4 /* WTBaseViewController.m */; };
		041FAF712227C4460038F7B4 /* WTNavigationViewController.m in Sources */ = {isa = PBXBuildFile; fileRef = 041FAF702227C4460038F7B4 /* WTNavigationViewController.m */; };
		041FAF742227C7650038F7B4 /* HomeViewController.m in Sources */ = {isa = PBXBuildFile; fileRef = 041FAF732227C7650038F7B4 /* HomeViewController.m */; };
		041FAF772227C8F30038F7B4 /* FollowViewController.m in Sources */ = {isa = PBXBuildFile; fileRef = 041FAF762227C8F30038F7B4 /* FollowViewController.m */; };
		041FAF7A2227C92B0038F7B4 /* DiscoveryViewController.m in Sources */ = {isa = PBXBuildFile; fileRef = 041FAF792227C92B0038F7B4 /* DiscoveryViewController.m */; };
		041FAF7D2227C9A10038F7B4 /* UserCenterViewController.m in Sources */ = {isa = PBXBuildFile; fileRef = 041FAF7C2227C9A10038F7B4 /* UserCenterViewController.m */; };
		041FAF802227EE110038F7B4 /* WTCollectionViewProxy.m in Sources */ = {isa = PBXBuildFile; fileRef = 041FAF7F2227EE110038F7B4 /* WTCollectionViewProxy.m */; };
		0443EAEE2227AF620042ACCF /* AppDelegate.m in Sources */ = {isa = PBXBuildFile; fileRef = 0443EAED2227AF620042ACCF /* AppDelegate.m */; };
		0443EAF42227AF620042ACCF /* Main.storyboard in Resources */ = {isa = PBXBuildFile; fileRef = 0443EAF22227AF620042ACCF /* Main.storyboard */; };
		0443EAF62227AF770042ACCF /* Assets.xcassets in Resources */ = {isa = PBXBuildFile; fileRef = 0443EAF52227AF770042ACCF /* Assets.xcassets */; };
		0443EAF92227AF770042ACCF /* LaunchScreen.storyboard in Resources */ = {isa = PBXBuildFile; fileRef = 0443EAF72227AF770042ACCF /* LaunchScreen.storyboard */; };
		0443EAFC2227AF770042ACCF /* main.m in Sources */ = {isa = PBXBuildFile; fileRef = 0443EAFB2227AF770042ACCF /* main.m */; };
		0443EB082227B6760042ACCF /* MainViewController.m in Sources */ = {isa = PBXBuildFile; fileRef = 0443EB072227B6760042ACCF /* MainViewController.m */; };
		04A967CD2229216200A352A2 /* WTCollectionViewCell.m in Sources */ = {isa = PBXBuildFile; fileRef = 04A967CC2229216200A352A2 /* WTCollectionViewCell.m */; };
		04A967D02229220800A352A2 /* HomeCollectionViewProxy.m in Sources */ = {isa = PBXBuildFile; fileRef = 04A967CF2229220800A352A2 /* HomeCollectionViewProxy.m */; };
		04A967D32229224200A352A2 /* HomeCollectionViewCell.m in Sources */ = {isa = PBXBuildFile; fileRef = 04A967D22229224200A352A2 /* HomeCollectionViewCell.m */; };
		04A967D62229313B00A352A2 /* WTTableViewProxy.m in Sources */ = {isa = PBXBuildFile; fileRef = 04A967D52229313A00A352A2 /* WTTableViewProxy.m */; };
		04A967D9222933CE00A352A2 /* HomeTableViewProxy.m in Sources */ = {isa = PBXBuildFile; fileRef = 04A967D8222933CE00A352A2 /* HomeTableViewProxy.m */; };
		933218D32240E6D0006E9256 /* Home_TableView_Response.json in Resources */ = {isa = PBXBuildFile; fileRef = 933218CF2240E6D0006E9256 /* Home_TableView_Response.json */; };
		933218D42240E6D0006E9256 /* WTResponse.m in Sources */ = {isa = PBXBuildFile; fileRef = 933218D02240E6D0006E9256 /* WTResponse.m */; };
		933218D52240E6D0006E9256 /* HomeTemplateResponse.m in Sources */ = {isa = PBXBuildFile; fileRef = 933218D12240E6D0006E9256 /* HomeTemplateResponse.m */; };
		933218DA2240E755006E9256 /* UIColor+Custom.m in Sources */ = {isa = PBXBuildFile; fileRef = 933218D92240E755006E9256 /* UIColor+Custom.m */; };
		93321ACD2240EB17006E9256 /* NSLayoutConstraint+MASDebugAdditions.m in Sources */ = {isa = PBXBuildFile; fileRef = 933218E12240EB16006E9256 /* NSLayoutConstraint+MASDebugAdditions.m */; };
		93321ACE2240EB17006E9256 /* ViewController+MASAdditions.m in Sources */ = {isa = PBXBuildFile; fileRef = 933218EA2240EB16006E9256 /* ViewController+MASAdditions.m */; };
		93321ACF2240EB17006E9256 /* MASCompositeConstraint.m in Sources */ = {isa = PBXBuildFile; fileRef = 933218EE2240EB16006E9256 /* MASCompositeConstraint.m */; };
		93321AD02240EB17006E9256 /* MASConstraintMaker.m in Sources */ = {isa = PBXBuildFile; fileRef = 933218EF2240EB16006E9256 /* MASConstraintMaker.m */; };
		93321AD12240EB17006E9256 /* MASLayoutConstraint.m in Sources */ = {isa = PBXBuildFile; fileRef = 933218F02240EB16006E9256 /* MASLayoutConstraint.m */; };
		93321AD22240EB17006E9256 /* NSArray+MASAdditions.m in Sources */ = {isa = PBXBuildFile; fileRef = 933218F12240EB16006E9256 /* NSArray+MASAdditions.m */; };
		93321AD32240EB17006E9256 /* View+MASAdditions.m in Sources */ = {isa = PBXBuildFile; fileRef = 933218F22240EB16006E9256 /* View+MASAdditions.m */; };
		93321AD42240EB17006E9256 /* MASConstraint.m in Sources */ = {isa = PBXBuildFile; fileRef = 933218F52240EB16006E9256 /* MASConstraint.m */; };
		93321AD52240EB17006E9256 /* MASViewConstraint.m in Sources */ = {isa = PBXBuildFile; fileRef = 933218F72240EB16006E9256 /* MASViewConstraint.m */; };
		93321AD62240EB17006E9256 /* MASViewAttribute.m in Sources */ = {isa = PBXBuildFile; fileRef = 933218F82240EB16006E9256 /* MASViewAttribute.m */; };
		93321AD72240EB17006E9256 /* Info.plist in Resources */ = {isa = PBXBuildFile; fileRef = 933218F92240EB16006E9256 /* Info.plist */; };
		93321B352240EB17006E9256 /* UIProgressView+AFNetworking.m in Sources */ = {isa = PBXBuildFile; fileRef = 933219922240EB16006E9256 /* UIProgressView+AFNetworking.m */; };
		93321B362240EB17006E9256 /* UIRefreshControl+AFNetworking.m in Sources */ = {isa = PBXBuildFile; fileRef = 933219942240EB16006E9256 /* UIRefreshControl+AFNetworking.m */; };
		93321B372240EB17006E9256 /* AFNetworkActivityIndicatorManager.m in Sources */ = {isa = PBXBuildFile; fileRef = 933219972240EB16006E9256 /* AFNetworkActivityIndicatorManager.m */; };
		93321B382240EB17006E9256 /* UIImageView+AFNetworking.m in Sources */ = {isa = PBXBuildFile; fileRef = 9332199D2240EB16006E9256 /* UIImageView+AFNetworking.m */; };
		93321B392240EB17006E9256 /* UIButton+AFNetworking.m in Sources */ = {isa = PBXBuildFile; fileRef = 933219A02240EB16006E9256 /* UIButton+AFNetworking.m */; };
		93321B3A2240EB17006E9256 /* UIActivityIndicatorView+AFNetworking.m in Sources */ = {isa = PBXBuildFile; fileRef = 933219A12240EB16006E9256 /* UIActivityIndicatorView+AFNetworking.m */; };
		93321B3B2240EB17006E9256 /* UIWebView+AFNetworking.m in Sources */ = {isa = PBXBuildFile; fileRef = 933219A22240EB16006E9256 /* UIWebView+AFNetworking.m */; };
		93321B3C2240EB17006E9256 /* AFAutoPurgingImageCache.m in Sources */ = {isa = PBXBuildFile; fileRef = 933219A32240EB16006E9256 /* AFAutoPurgingImageCache.m */; };
		93321B3D2240EB17006E9256 /* AFImageDownloader.m in Sources */ = {isa = PBXBuildFile; fileRef = 933219A52240EB16006E9256 /* AFImageDownloader.m */; };
		93321B4D2240EB17006E9256 /* AFURLResponseSerialization.m in Sources */ = {isa = PBXBuildFile; fileRef = 933219BB2240EB16006E9256 /* AFURLResponseSerialization.m */; };
		93321B4E2240EB17006E9256 /* AFHTTPSessionManager.m in Sources */ = {isa = PBXBuildFile; fileRef = 933219BC2240EB16006E9256 /* AFHTTPSessionManager.m */; };
		93321B4F2240EB17006E9256 /* AFURLSessionManager.m in Sources */ = {isa = PBXBuildFile; fileRef = 933219BE2240EB16006E9256 /* AFURLSessionManager.m */; };
		93321B502240EB17006E9256 /* AFURLRequestSerialization.m in Sources */ = {isa = PBXBuildFile; fileRef = 933219BF2240EB16006E9256 /* AFURLRequestSerialization.m */; };
		93321B512240EB17006E9256 /* AFNetworkReachabilityManager.m in Sources */ = {isa = PBXBuildFile; fileRef = 933219C12240EB16006E9256 /* AFNetworkReachabilityManager.m */; };
		93321B522240EB17006E9256 /* AFSecurityPolicy.m in Sources */ = {isa = PBXBuildFile; fileRef = 933219C22240EB16006E9256 /* AFSecurityPolicy.m */; };
		93321BB82240EB17006E9256 /* JSONValueTransformer.m in Sources */ = {isa = PBXBuildFile; fileRef = 93321A692240EB17006E9256 /* JSONValueTransformer.m */; };
		93321BB92240EB17006E9256 /* JSONKeyMapper.m in Sources */ = {isa = PBXBuildFile; fileRef = 93321A6C2240EB17006E9256 /* JSONKeyMapper.m */; };
		93321BBA2240EB17006E9256 /* JSONModel.m in Sources */ = {isa = PBXBuildFile; fileRef = 93321A6E2240EB17006E9256 /* JSONModel.m */; };
		93321BBB2240EB17006E9256 /* JSONModelError.m in Sources */ = {isa = PBXBuildFile; fileRef = 93321A6F2240EB17006E9256 /* JSONModelError.m */; };
		93321BBC2240EB17006E9256 /* JSONModelClassProperty.m in Sources */ = {isa = PBXBuildFile; fileRef = 93321A722240EB17006E9256 /* JSONModelClassProperty.m */; };
		93321BBD2240EB17006E9256 /* Info.plist in Resources */ = {isa = PBXBuildFile; fileRef = 93321A752240EB17006E9256 /* Info.plist */; };
		93321BBE2240EB17006E9256 /* JSONHTTPClient.m in Sources */ = {isa = PBXBuildFile; fileRef = 93321A782240EB17006E9256 /* JSONHTTPClient.m */; };
		93321BBF2240EB17006E9256 /* JSONAPI.m in Sources */ = {isa = PBXBuildFile; fileRef = 93321A792240EB17006E9256 /* JSONAPI.m */; };
		93321BC02240EB17006E9256 /* JSONModel+networking.m in Sources */ = {isa = PBXBuildFile; fileRef = 93321A7D2240EB17006E9256 /* JSONModel+networking.m */; };
		93321BCD2240F38F006E9256 /* WTSegmentedControl.m in Sources */ = {isa = PBXBuildFile; fileRef = 93321BCC2240F38F006E9256 /* WTSegmentedControl.m */; };
		933DE8442244E9CB0057299F /* HomeDataSource.m in Sources */ = {isa = PBXBuildFile; fileRef = 933DE8432244E9CB0057299F /* HomeDataSource.m */; };
		933DE84C2244EFBC0057299F /* HomeBannerCollectionViewCell.xib in Resources */ = {isa = PBXBuildFile; fileRef = 933DE8462244EFBB0057299F /* HomeBannerCollectionViewCell.xib */; };
		933DE84D2244EFBC0057299F /* HomeBannerTableViewCell.m in Sources */ = {isa = PBXBuildFile; fileRef = 933DE8492244EFBC0057299F /* HomeBannerTableViewCell.m */; };
		933DE84E2244EFBC0057299F /* HomeBannerCollectionViewCell.m in Sources */ = {isa = PBXBuildFile; fileRef = 933DE84A2244EFBC0057299F /* HomeBannerCollectionViewCell.m */; };
		933DE84F2244EFBC0057299F /* HomeBannerTableViewCell.xib in Resources */ = {isa = PBXBuildFile; fileRef = 933DE84B2244EFBC0057299F /* HomeBannerTableViewCell.xib */; };
		933DE8592244EFC80057299F /* HomeTwoTableViewCell.xib in Resources */ = {isa = PBXBuildFile; fileRef = 933DE8502244EFC70057299F /* HomeTwoTableViewCell.xib */; };
		933DE85A2244EFC80057299F /* HomeTitleTableViewCell.xib in Resources */ = {isa = PBXBuildFile; fileRef = 933DE8512244EFC70057299F /* HomeTitleTableViewCell.xib */; };
		933DE85B2244EFC80057299F /* HomeChangeTableViewCell.m in Sources */ = {isa = PBXBuildFile; fileRef = 933DE8532244EFC70057299F /* HomeChangeTableViewCell.m */; };
		933DE85C2244EFC80057299F /* HomeChangeTableViewCell.xib in Resources */ = {isa = PBXBuildFile; fileRef = 933DE8542244EFC80057299F /* HomeChangeTableViewCell.xib */; };
		933DE85D2244EFC80057299F /* HomeTwoTableViewCell.m in Sources */ = {isa = PBXBuildFile; fileRef = 933DE8572244EFC80057299F /* HomeTwoTableViewCell.m */; };
		933DE85E2244EFC80057299F /* HomeTitleTableViewCell.m in Sources */ = {isa = PBXBuildFile; fileRef = 933DE8582244EFC80057299F /* HomeTitleTableViewCell.m */; };
		933DE8662244F0720057299F /* TYPageControl.m in Sources */ = {isa = PBXBuildFile; fileRef = 933DE8622244F0720057299F /* TYPageControl.m */; };
		933DE8672244F0720057299F /* TYCyclePagerView.m in Sources */ = {isa = PBXBuildFile; fileRef = 933DE8632244F0720057299F /* TYCyclePagerView.m */; };
		933DE8682244F0720057299F /* TYCyclePagerTransformLayout.m in Sources */ = {isa = PBXBuildFile; fileRef = 933DE8642244F0720057299F /* TYCyclePagerTransformLayout.m */; };
		93D854AC2239E8AB00F3B13D /* WTTableViewCell.m in Sources */ = {isa = PBXBuildFile; fileRef = 93D854AB2239E8AB00F3B13D /* WTTableViewCell.m */; };
/* End PBXBuildFile section */

/* Begin PBXCopyFilesBuildPhase section */
		933218A22240DF61006E9256 /* CopyFiles */ = {
			isa = PBXCopyFilesBuildPhase;
			buildActionMask = 2147483647;
			dstPath = "";
			dstSubfolderSpec = 10;
			files = (
			);
			runOnlyForDeploymentPostprocessing = 0;
		};
/* End PBXCopyFilesBuildPhase section */

/* Begin PBXFileReference section */
		041FAF6C2227BF200038F7B4 /* WTBaseViewController.h */ = {isa = PBXFileReference; lastKnownFileType = sourcecode.c.h; path = WTBaseViewController.h; sourceTree = "<group>"; };
		041FAF6D2227BF200038F7B4 /* WTBaseViewController.m */ = {isa = PBXFileReference; lastKnownFileType = sourcecode.c.objc; path = WTBaseViewController.m; sourceTree = "<group>"; };
		041FAF6F2227C4460038F7B4 /* WTNavigationViewController.h */ = {isa = PBXFileReference; lastKnownFileType = sourcecode.c.h; path = WTNavigationViewController.h; sourceTree = "<group>"; };
		041FAF702227C4460038F7B4 /* WTNavigationViewController.m */ = {isa = PBXFileReference; lastKnownFileType = sourcecode.c.objc; path = WTNavigationViewController.m; sourceTree = "<group>"; };
		041FAF722227C7650038F7B4 /* HomeViewController.h */ = {isa = PBXFileReference; lastKnownFileType = sourcecode.c.h; path = HomeViewController.h; sourceTree = "<group>"; };
		041FAF732227C7650038F7B4 /* HomeViewController.m */ = {isa = PBXFileReference; lastKnownFileType = sourcecode.c.objc; path = HomeViewController.m; sourceTree = "<group>"; };
		041FAF752227C8F30038F7B4 /* FollowViewController.h */ = {isa = PBXFileReference; lastKnownFileType = sourcecode.c.h; path = FollowViewController.h; sourceTree = "<group>"; };
		041FAF762227C8F30038F7B4 /* FollowViewController.m */ = {isa = PBXFileReference; lastKnownFileType = sourcecode.c.objc; path = FollowViewController.m; sourceTree = "<group>"; };
		041FAF782227C92B0038F7B4 /* DiscoveryViewController.h */ = {isa = PBXFileReference; lastKnownFileType = sourcecode.c.h; path = DiscoveryViewController.h; sourceTree = "<group>"; };
		041FAF792227C92B0038F7B4 /* DiscoveryViewController.m */ = {isa = PBXFileReference; lastKnownFileType = sourcecode.c.objc; path = DiscoveryViewController.m; sourceTree = "<group>"; };
		041FAF7B2227C9A10038F7B4 /* UserCenterViewController.h */ = {isa = PBXFileReference; lastKnownFileType = sourcecode.c.h; path = UserCenterViewController.h; sourceTree = "<group>"; };
		041FAF7C2227C9A10038F7B4 /* UserCenterViewController.m */ = {isa = PBXFileReference; lastKnownFileType = sourcecode.c.objc; path = UserCenterViewController.m; sourceTree = "<group>"; };
		041FAF7E2227EE110038F7B4 /* WTCollectionViewProxy.h */ = {isa = PBXFileReference; lastKnownFileType = sourcecode.c.h; path = WTCollectionViewProxy.h; sourceTree = "<group>"; };
		041FAF7F2227EE110038F7B4 /* WTCollectionViewProxy.m */ = {isa = PBXFileReference; lastKnownFileType = sourcecode.c.objc; path = WTCollectionViewProxy.m; sourceTree = "<group>"; };
		0443EAE92227AF610042ACCF /* recreation.app */ = {isa = PBXFileReference; explicitFileType = wrapper.application; includeInIndex = 0; path = recreation.app; sourceTree = BUILT_PRODUCTS_DIR; };
		0443EAEC2227AF620042ACCF /* AppDelegate.h */ = {isa = PBXFileReference; lastKnownFileType = sourcecode.c.h; path = AppDelegate.h; sourceTree = "<group>"; };
		0443EAED2227AF620042ACCF /* AppDelegate.m */ = {isa = PBXFileReference; lastKnownFileType = sourcecode.c.objc; path = AppDelegate.m; sourceTree = "<group>"; };
		0443EAF32227AF620042ACCF /* Base */ = {isa = PBXFileReference; lastKnownFileType = file.storyboard; name = Base; path = Base.lproj/Main.storyboard; sourceTree = "<group>"; };
		0443EAF52227AF770042ACCF /* Assets.xcassets */ = {isa = PBXFileReference; lastKnownFileType = folder.assetcatalog; path = Assets.xcassets; sourceTree = "<group>"; };
		0443EAF82227AF770042ACCF /* Base */ = {isa = PBXFileReference; lastKnownFileType = file.storyboard; name = Base; path = Base.lproj/LaunchScreen.storyboard; sourceTree = "<group>"; };
		0443EAFA2227AF770042ACCF /* Info.plist */ = {isa = PBXFileReference; lastKnownFileType = text.plist.xml; path = Info.plist; sourceTree = "<group>"; };
		0443EAFB2227AF770042ACCF /* main.m */ = {isa = PBXFileReference; lastKnownFileType = sourcecode.c.objc; path = main.m; sourceTree = "<group>"; };
		0443EB062227B6760042ACCF /* MainViewController.h */ = {isa = PBXFileReference; lastKnownFileType = sourcecode.c.h; path = MainViewController.h; sourceTree = "<group>"; };
		0443EB072227B6760042ACCF /* MainViewController.m */ = {isa = PBXFileReference; lastKnownFileType = sourcecode.c.objc; path = MainViewController.m; sourceTree = "<group>"; };
		04A967CB2229216200A352A2 /* WTCollectionViewCell.h */ = {isa = PBXFileReference; lastKnownFileType = sourcecode.c.h; path = WTCollectionViewCell.h; sourceTree = "<group>"; };
		04A967CC2229216200A352A2 /* WTCollectionViewCell.m */ = {isa = PBXFileReference; lastKnownFileType = sourcecode.c.objc; path = WTCollectionViewCell.m; sourceTree = "<group>"; };
		04A967CE2229220800A352A2 /* HomeCollectionViewProxy.h */ = {isa = PBXFileReference; lastKnownFileType = sourcecode.c.h; path = HomeCollectionViewProxy.h; sourceTree = "<group>"; };
		04A967CF2229220800A352A2 /* HomeCollectionViewProxy.m */ = {isa = PBXFileReference; lastKnownFileType = sourcecode.c.objc; path = HomeCollectionViewProxy.m; sourceTree = "<group>"; };
		04A967D12229224200A352A2 /* HomeCollectionViewCell.h */ = {isa = PBXFileReference; lastKnownFileType = sourcecode.c.h; path = HomeCollectionViewCell.h; sourceTree = "<group>"; };
		04A967D22229224200A352A2 /* HomeCollectionViewCell.m */ = {isa = PBXFileReference; lastKnownFileType = sourcecode.c.objc; path = HomeCollectionViewCell.m; sourceTree = "<group>"; };
		04A967D42229313A00A352A2 /* WTTableViewProxy.h */ = {isa = PBXFileReference; lastKnownFileType = sourcecode.c.h; path = WTTableViewProxy.h; sourceTree = "<group>"; };
		04A967D52229313A00A352A2 /* WTTableViewProxy.m */ = {isa = PBXFileReference; lastKnownFileType = sourcecode.c.objc; path = WTTableViewProxy.m; sourceTree = "<group>"; };
		04A967D7222933CE00A352A2 /* HomeTableViewProxy.h */ = {isa = PBXFileReference; lastKnownFileType = sourcecode.c.h; path = HomeTableViewProxy.h; sourceTree = "<group>"; };
		04A967D8222933CE00A352A2 /* HomeTableViewProxy.m */ = {isa = PBXFileReference; lastKnownFileType = sourcecode.c.objc; path = HomeTableViewProxy.m; sourceTree = "<group>"; };
		933218CB2240E0BF006E9256 /* WTZideo-PrefixHeader.h */ = {isa = PBXFileReference; lastKnownFileType = sourcecode.c.h; path = "WTZideo-PrefixHeader.h"; sourceTree = "<group>"; };
		933218CE2240E6D0006E9256 /* WTResponse.h */ = {isa = PBXFileReference; fileEncoding = 4; lastKnownFileType = sourcecode.c.h; path = WTResponse.h; sourceTree = "<group>"; };
		933218CF2240E6D0006E9256 /* Home_TableView_Response.json */ = {isa = PBXFileReference; fileEncoding = 4; lastKnownFileType = text.json; path = Home_TableView_Response.json; sourceTree = "<group>"; };
		933218D02240E6D0006E9256 /* WTResponse.m */ = {isa = PBXFileReference; fileEncoding = 4; lastKnownFileType = sourcecode.c.objc; path = WTResponse.m; sourceTree = "<group>"; };
		933218D12240E6D0006E9256 /* HomeTemplateResponse.m */ = {isa = PBXFileReference; fileEncoding = 4; lastKnownFileType = sourcecode.c.objc; path = HomeTemplateResponse.m; sourceTree = "<group>"; };
		933218D22240E6D0006E9256 /* HomeTemplateResponse.h */ = {isa = PBXFileReference; fileEncoding = 4; lastKnownFileType = sourcecode.c.h; path = HomeTemplateResponse.h; sourceTree = "<group>"; };
		933218D82240E755006E9256 /* UIColor+Custom.h */ = {isa = PBXFileReference; fileEncoding = 4; lastKnownFileType = sourcecode.c.h; path = "UIColor+Custom.h"; sourceTree = "<group>"; };
		933218D92240E755006E9256 /* UIColor+Custom.m */ = {isa = PBXFileReference; fileEncoding = 4; lastKnownFileType = sourcecode.c.objc; path = "UIColor+Custom.m"; sourceTree = "<group>"; };
		933218DB2240E7AC006E9256 /* WTCategoriesHeader.h */ = {isa = PBXFileReference; lastKnownFileType = sourcecode.c.h; path = WTCategoriesHeader.h; sourceTree = "<group>"; };
		933218E02240EB16006E9256 /* MASCompositeConstraint.h */ = {isa = PBXFileReference; fileEncoding = 4; lastKnownFileType = sourcecode.c.h; path = MASCompositeConstraint.h; sourceTree = "<group>"; };
		933218E12240EB16006E9256 /* NSLayoutConstraint+MASDebugAdditions.m */ = {isa = PBXFileReference; fileEncoding = 4; lastKnownFileType = sourcecode.c.objc; path = "NSLayoutConstraint+MASDebugAdditions.m"; sourceTree = "<group>"; };
		933218E22240EB16006E9256 /* MASConstraint+Private.h */ = {isa = PBXFileReference; fileEncoding = 4; lastKnownFileType = sourcecode.c.h; path = "MASConstraint+Private.h"; sourceTree = "<group>"; };
		933218E32240EB16006E9256 /* MASLayoutConstraint.h */ = {isa = PBXFileReference; fileEncoding = 4; lastKnownFileType = sourcecode.c.h; path = MASLayoutConstraint.h; sourceTree = "<group>"; };
		933218E42240EB16006E9256 /* NSArray+MASShorthandAdditions.h */ = {isa = PBXFileReference; fileEncoding = 4; lastKnownFileType = sourcecode.c.h; path = "NSArray+MASShorthandAdditions.h"; sourceTree = "<group>"; };
		933218E52240EB16006E9256 /* MASConstraintMaker.h */ = {isa = PBXFileReference; fileEncoding = 4; lastKnownFileType = sourcecode.c.h; path = MASConstraintMaker.h; sourceTree = "<group>"; };
		933218E62240EB16006E9256 /* View+MASAdditions.h */ = {isa = PBXFileReference; fileEncoding = 4; lastKnownFileType = sourcecode.c.h; path = "View+MASAdditions.h"; sourceTree = "<group>"; };
		933218E72240EB16006E9256 /* NSArray+MASAdditions.h */ = {isa = PBXFileReference; fileEncoding = 4; lastKnownFileType = sourcecode.c.h; path = "NSArray+MASAdditions.h"; sourceTree = "<group>"; };
		933218E82240EB16006E9256 /* MASUtilities.h */ = {isa = PBXFileReference; fileEncoding = 4; lastKnownFileType = sourcecode.c.h; path = MASUtilities.h; sourceTree = "<group>"; };
		933218E92240EB16006E9256 /* MASViewAttribute.h */ = {isa = PBXFileReference; fileEncoding = 4; lastKnownFileType = sourcecode.c.h; path = MASViewAttribute.h; sourceTree = "<group>"; };
		933218EA2240EB16006E9256 /* ViewController+MASAdditions.m */ = {isa = PBXFileReference; fileEncoding = 4; lastKnownFileType = sourcecode.c.objc; path = "ViewController+MASAdditions.m"; sourceTree = "<group>"; };
		933218EB2240EB16006E9256 /* MASViewConstraint.h */ = {isa = PBXFileReference; fileEncoding = 4; lastKnownFileType = sourcecode.c.h; path = MASViewConstraint.h; sourceTree = "<group>"; };
		933218EC2240EB16006E9256 /* MASConstraint.h */ = {isa = PBXFileReference; fileEncoding = 4; lastKnownFileType = sourcecode.c.h; path = MASConstraint.h; sourceTree = "<group>"; };
		933218ED2240EB16006E9256 /* NSLayoutConstraint+MASDebugAdditions.h */ = {isa = PBXFileReference; fileEncoding = 4; lastKnownFileType = sourcecode.c.h; path = "NSLayoutConstraint+MASDebugAdditions.h"; sourceTree = "<group>"; };
		933218EE2240EB16006E9256 /* MASCompositeConstraint.m */ = {isa = PBXFileReference; fileEncoding = 4; lastKnownFileType = sourcecode.c.objc; path = MASCompositeConstraint.m; sourceTree = "<group>"; };
		933218EF2240EB16006E9256 /* MASConstraintMaker.m */ = {isa = PBXFileReference; fileEncoding = 4; lastKnownFileType = sourcecode.c.objc; path = MASConstraintMaker.m; sourceTree = "<group>"; };
		933218F02240EB16006E9256 /* MASLayoutConstraint.m */ = {isa = PBXFileReference; fileEncoding = 4; lastKnownFileType = sourcecode.c.objc; path = MASLayoutConstraint.m; sourceTree = "<group>"; };
		933218F12240EB16006E9256 /* NSArray+MASAdditions.m */ = {isa = PBXFileReference; fileEncoding = 4; lastKnownFileType = sourcecode.c.objc; path = "NSArray+MASAdditions.m"; sourceTree = "<group>"; };
		933218F22240EB16006E9256 /* View+MASAdditions.m */ = {isa = PBXFileReference; fileEncoding = 4; lastKnownFileType = sourcecode.c.objc; path = "View+MASAdditions.m"; sourceTree = "<group>"; };
		933218F32240EB16006E9256 /* View+MASShorthandAdditions.h */ = {isa = PBXFileReference; fileEncoding = 4; lastKnownFileType = sourcecode.c.h; path = "View+MASShorthandAdditions.h"; sourceTree = "<group>"; };
		933218F42240EB16006E9256 /* Masonry.h */ = {isa = PBXFileReference; fileEncoding = 4; lastKnownFileType = sourcecode.c.h; path = Masonry.h; sourceTree = "<group>"; };
		933218F52240EB16006E9256 /* MASConstraint.m */ = {isa = PBXFileReference; fileEncoding = 4; lastKnownFileType = sourcecode.c.objc; path = MASConstraint.m; sourceTree = "<group>"; };
		933218F62240EB16006E9256 /* ViewController+MASAdditions.h */ = {isa = PBXFileReference; fileEncoding = 4; lastKnownFileType = sourcecode.c.h; path = "ViewController+MASAdditions.h"; sourceTree = "<group>"; };
		933218F72240EB16006E9256 /* MASViewConstraint.m */ = {isa = PBXFileReference; fileEncoding = 4; lastKnownFileType = sourcecode.c.objc; path = MASViewConstraint.m; sourceTree = "<group>"; };
		933218F82240EB16006E9256 /* MASViewAttribute.m */ = {isa = PBXFileReference; fileEncoding = 4; lastKnownFileType = sourcecode.c.objc; path = MASViewAttribute.m; sourceTree = "<group>"; };
		933218F92240EB16006E9256 /* Info.plist */ = {isa = PBXFileReference; fileEncoding = 4; lastKnownFileType = text.plist.xml; path = Info.plist; sourceTree = "<group>"; };
		933219922240EB16006E9256 /* UIProgressView+AFNetworking.m */ = {isa = PBXFileReference; fileEncoding = 4; lastKnownFileType = sourcecode.c.objc; path = "UIProgressView+AFNetworking.m"; sourceTree = "<group>"; };
		933219932240EB16006E9256 /* UIButton+AFNetworking.h */ = {isa = PBXFileReference; fileEncoding = 4; lastKnownFileType = sourcecode.c.h; path = "UIButton+AFNetworking.h"; sourceTree = "<group>"; };
		933219942240EB16006E9256 /* UIRefreshControl+AFNetworking.m */ = {isa = PBXFileReference; fileEncoding = 4; lastKnownFileType = sourcecode.c.objc; path = "UIRefreshControl+AFNetworking.m"; sourceTree = "<group>"; };
		933219952240EB16006E9256 /* UIImageView+AFNetworking.h */ = {isa = PBXFileReference; fileEncoding = 4; lastKnownFileType = sourcecode.c.h; path = "UIImageView+AFNetworking.h"; sourceTree = "<group>"; };
		933219962240EB16006E9256 /* AFImageDownloader.h */ = {isa = PBXFileReference; fileEncoding = 4; lastKnownFileType = sourcecode.c.h; path = AFImageDownloader.h; sourceTree = "<group>"; };
		933219972240EB16006E9256 /* AFNetworkActivityIndicatorManager.m */ = {isa = PBXFileReference; fileEncoding = 4; lastKnownFileType = sourcecode.c.objc; path = AFNetworkActivityIndicatorManager.m; sourceTree = "<group>"; };
		933219982240EB16006E9256 /* AFAutoPurgingImageCache.h */ = {isa = PBXFileReference; fileEncoding = 4; lastKnownFileType = sourcecode.c.h; path = AFAutoPurgingImageCache.h; sourceTree = "<group>"; };
		933219992240EB16006E9256 /* UIWebView+AFNetworking.h */ = {isa = PBXFileReference; fileEncoding = 4; lastKnownFileType = sourcecode.c.h; path = "UIWebView+AFNetworking.h"; sourceTree = "<group>"; };
		9332199A2240EB16006E9256 /* UIActivityIndicatorView+AFNetworking.h */ = {isa = PBXFileReference; fileEncoding = 4; lastKnownFileType = sourcecode.c.h; path = "UIActivityIndicatorView+AFNetworking.h"; sourceTree = "<group>"; };
		9332199B2240EB16006E9256 /* UIImage+AFNetworking.h */ = {isa = PBXFileReference; fileEncoding = 4; lastKnownFileType = sourcecode.c.h; path = "UIImage+AFNetworking.h"; sourceTree = "<group>"; };
		9332199C2240EB16006E9256 /* UIProgressView+AFNetworking.h */ = {isa = PBXFileReference; fileEncoding = 4; lastKnownFileType = sourcecode.c.h; path = "UIProgressView+AFNetworking.h"; sourceTree = "<group>"; };
		9332199D2240EB16006E9256 /* UIImageView+AFNetworking.m */ = {isa = PBXFileReference; fileEncoding = 4; lastKnownFileType = sourcecode.c.objc; path = "UIImageView+AFNetworking.m"; sourceTree = "<group>"; };
		9332199E2240EB16006E9256 /* UIKit+AFNetworking.h */ = {isa = PBXFileReference; fileEncoding = 4; lastKnownFileType = sourcecode.c.h; path = "UIKit+AFNetworking.h"; sourceTree = "<group>"; };
		9332199F2240EB16006E9256 /* UIRefreshControl+AFNetworking.h */ = {isa = PBXFileReference; fileEncoding = 4; lastKnownFileType = sourcecode.c.h; path = "UIRefreshControl+AFNetworking.h"; sourceTree = "<group>"; };
		933219A02240EB16006E9256 /* UIButton+AFNetworking.m */ = {isa = PBXFileReference; fileEncoding = 4; lastKnownFileType = sourcecode.c.objc; path = "UIButton+AFNetworking.m"; sourceTree = "<group>"; };
		933219A12240EB16006E9256 /* UIActivityIndicatorView+AFNetworking.m */ = {isa = PBXFileReference; fileEncoding = 4; lastKnownFileType = sourcecode.c.objc; path = "UIActivityIndicatorView+AFNetworking.m"; sourceTree = "<group>"; };
		933219A22240EB16006E9256 /* UIWebView+AFNetworking.m */ = {isa = PBXFileReference; fileEncoding = 4; lastKnownFileType = sourcecode.c.objc; path = "UIWebView+AFNetworking.m"; sourceTree = "<group>"; };
		933219A32240EB16006E9256 /* AFAutoPurgingImageCache.m */ = {isa = PBXFileReference; fileEncoding = 4; lastKnownFileType = sourcecode.c.objc; path = AFAutoPurgingImageCache.m; sourceTree = "<group>"; };
		933219A42240EB16006E9256 /* AFNetworkActivityIndicatorManager.h */ = {isa = PBXFileReference; fileEncoding = 4; lastKnownFileType = sourcecode.c.h; path = AFNetworkActivityIndicatorManager.h; sourceTree = "<group>"; };
		933219A52240EB16006E9256 /* AFImageDownloader.m */ = {isa = PBXFileReference; fileEncoding = 4; lastKnownFileType = sourcecode.c.objc; path = AFImageDownloader.m; sourceTree = "<group>"; };
		933219B72240EB16006E9256 /* AFSecurityPolicy.h */ = {isa = PBXFileReference; fileEncoding = 4; lastKnownFileType = sourcecode.c.h; path = AFSecurityPolicy.h; sourceTree = "<group>"; };
		933219B82240EB16006E9256 /* AFNetworkReachabilityManager.h */ = {isa = PBXFileReference; fileEncoding = 4; lastKnownFileType = sourcecode.c.h; path = AFNetworkReachabilityManager.h; sourceTree = "<group>"; };
		933219B92240EB16006E9256 /* AFURLSessionManager.h */ = {isa = PBXFileReference; fileEncoding = 4; lastKnownFileType = sourcecode.c.h; path = AFURLSessionManager.h; sourceTree = "<group>"; };
		933219BA2240EB16006E9256 /* AFURLRequestSerialization.h */ = {isa = PBXFileReference; fileEncoding = 4; lastKnownFileType = sourcecode.c.h; path = AFURLRequestSerialization.h; sourceTree = "<group>"; };
		933219BB2240EB16006E9256 /* AFURLResponseSerialization.m */ = {isa = PBXFileReference; fileEncoding = 4; lastKnownFileType = sourcecode.c.objc; path = AFURLResponseSerialization.m; sourceTree = "<group>"; };
		933219BC2240EB16006E9256 /* AFHTTPSessionManager.m */ = {isa = PBXFileReference; fileEncoding = 4; lastKnownFileType = sourcecode.c.objc; path = AFHTTPSessionManager.m; sourceTree = "<group>"; };
		933219BD2240EB16006E9256 /* AFURLResponseSerialization.h */ = {isa = PBXFileReference; fileEncoding = 4; lastKnownFileType = sourcecode.c.h; path = AFURLResponseSerialization.h; sourceTree = "<group>"; };
		933219BE2240EB16006E9256 /* AFURLSessionManager.m */ = {isa = PBXFileReference; fileEncoding = 4; lastKnownFileType = sourcecode.c.objc; path = AFURLSessionManager.m; sourceTree = "<group>"; };
		933219BF2240EB16006E9256 /* AFURLRequestSerialization.m */ = {isa = PBXFileReference; fileEncoding = 4; lastKnownFileType = sourcecode.c.objc; path = AFURLRequestSerialization.m; sourceTree = "<group>"; };
		933219C02240EB16006E9256 /* AFNetworking.h */ = {isa = PBXFileReference; fileEncoding = 4; lastKnownFileType = sourcecode.c.h; path = AFNetworking.h; sourceTree = "<group>"; };
		933219C12240EB16006E9256 /* AFNetworkReachabilityManager.m */ = {isa = PBXFileReference; fileEncoding = 4; lastKnownFileType = sourcecode.c.objc; path = AFNetworkReachabilityManager.m; sourceTree = "<group>"; };
		933219C22240EB16006E9256 /* AFSecurityPolicy.m */ = {isa = PBXFileReference; fileEncoding = 4; lastKnownFileType = sourcecode.c.objc; path = AFSecurityPolicy.m; sourceTree = "<group>"; };
		933219C32240EB16006E9256 /* AFCompatibilityMacros.h */ = {isa = PBXFileReference; fileEncoding = 4; lastKnownFileType = sourcecode.c.h; path = AFCompatibilityMacros.h; sourceTree = "<group>"; };
		933219C42240EB16006E9256 /* AFHTTPSessionManager.h */ = {isa = PBXFileReference; fileEncoding = 4; lastKnownFileType = sourcecode.c.h; path = AFHTTPSessionManager.h; sourceTree = "<group>"; };
		93321A692240EB17006E9256 /* JSONValueTransformer.m */ = {isa = PBXFileReference; fileEncoding = 4; lastKnownFileType = sourcecode.c.objc; path = JSONValueTransformer.m; sourceTree = "<group>"; };
		93321A6A2240EB17006E9256 /* JSONKeyMapper.h */ = {isa = PBXFileReference; fileEncoding = 4; lastKnownFileType = sourcecode.c.h; path = JSONKeyMapper.h; sourceTree = "<group>"; };
		93321A6B2240EB17006E9256 /* JSONValueTransformer.h */ = {isa = PBXFileReference; fileEncoding = 4; lastKnownFileType = sourcecode.c.h; path = JSONValueTransformer.h; sourceTree = "<group>"; };
		93321A6C2240EB17006E9256 /* JSONKeyMapper.m */ = {isa = PBXFileReference; fileEncoding = 4; lastKnownFileType = sourcecode.c.objc; path = JSONKeyMapper.m; sourceTree = "<group>"; };
		93321A6E2240EB17006E9256 /* JSONModel.m */ = {isa = PBXFileReference; fileEncoding = 4; lastKnownFileType = sourcecode.c.objc; path = JSONModel.m; sourceTree = "<group>"; };
		93321A6F2240EB17006E9256 /* JSONModelError.m */ = {isa = PBXFileReference; fileEncoding = 4; lastKnownFileType = sourcecode.c.objc; path = JSONModelError.m; sourceTree = "<group>"; };
		93321A702240EB17006E9256 /* JSONModelClassProperty.h */ = {isa = PBXFileReference; fileEncoding = 4; lastKnownFileType = sourcecode.c.h; path = JSONModelClassProperty.h; sourceTree = "<group>"; };
		93321A712240EB17006E9256 /* JSONModel.h */ = {isa = PBXFileReference; fileEncoding = 4; lastKnownFileType = sourcecode.c.h; path = JSONModel.h; sourceTree = "<group>"; };
		93321A722240EB17006E9256 /* JSONModelClassProperty.m */ = {isa = PBXFileReference; fileEncoding = 4; lastKnownFileType = sourcecode.c.objc; path = JSONModelClassProperty.m; sourceTree = "<group>"; };
		93321A732240EB17006E9256 /* JSONModelError.h */ = {isa = PBXFileReference; fileEncoding = 4; lastKnownFileType = sourcecode.c.h; path = JSONModelError.h; sourceTree = "<group>"; };
		93321A742240EB17006E9256 /* JSONModel.modulemap */ = {isa = PBXFileReference; fileEncoding = 4; lastKnownFileType = "sourcecode.module-map"; path = JSONModel.modulemap; sourceTree = "<group>"; };
		93321A752240EB17006E9256 /* Info.plist */ = {isa = PBXFileReference; fileEncoding = 4; lastKnownFileType = text.plist.xml; path = Info.plist; sourceTree = "<group>"; };
		93321A762240EB17006E9256 /* JSONModelLib.h */ = {isa = PBXFileReference; fileEncoding = 4; lastKnownFileType = sourcecode.c.h; path = JSONModelLib.h; sourceTree = "<group>"; };
		93321A782240EB17006E9256 /* JSONHTTPClient.m */ = {isa = PBXFileReference; fileEncoding = 4; lastKnownFileType = sourcecode.c.objc; path = JSONHTTPClient.m; sourceTree = "<group>"; };
		93321A792240EB17006E9256 /* JSONAPI.m */ = {isa = PBXFileReference; fileEncoding = 4; lastKnownFileType = sourcecode.c.objc; path = JSONAPI.m; sourceTree = "<group>"; };
		93321A7A2240EB17006E9256 /* JSONModel+networking.h */ = {isa = PBXFileReference; fileEncoding = 4; lastKnownFileType = sourcecode.c.h; path = "JSONModel+networking.h"; sourceTree = "<group>"; };
		93321A7B2240EB17006E9256 /* JSONHTTPClient.h */ = {isa = PBXFileReference; fileEncoding = 4; lastKnownFileType = sourcecode.c.h; path = JSONHTTPClient.h; sourceTree = "<group>"; };
		93321A7C2240EB17006E9256 /* JSONAPI.h */ = {isa = PBXFileReference; fileEncoding = 4; lastKnownFileType = sourcecode.c.h; path = JSONAPI.h; sourceTree = "<group>"; };
		93321A7D2240EB17006E9256 /* JSONModel+networking.m */ = {isa = PBXFileReference; fileEncoding = 4; lastKnownFileType = sourcecode.c.objc; path = "JSONModel+networking.m"; sourceTree = "<group>"; };
		93321BCB2240F38F006E9256 /* WTSegmentedControl.h */ = {isa = PBXFileReference; lastKnownFileType = sourcecode.c.h; path = WTSegmentedControl.h; sourceTree = "<group>"; };
		93321BCC2240F38F006E9256 /* WTSegmentedControl.m */ = {isa = PBXFileReference; lastKnownFileType = sourcecode.c.objc; path = WTSegmentedControl.m; sourceTree = "<group>"; };
		933DE8422244E9CB0057299F /* HomeDataSource.h */ = {isa = PBXFileReference; lastKnownFileType = sourcecode.c.h; path = HomeDataSource.h; sourceTree = "<group>"; };
		933DE8432244E9CB0057299F /* HomeDataSource.m */ = {isa = PBXFileReference; lastKnownFileType = sourcecode.c.objc; path = HomeDataSource.m; sourceTree = "<group>"; };
		933DE8462244EFBB0057299F /* HomeBannerCollectionViewCell.xib */ = {isa = PBXFileReference; fileEncoding = 4; lastKnownFileType = file.xib; path = HomeBannerCollectionViewCell.xib; sourceTree = "<group>"; };
		933DE8472244EFBB0057299F /* HomeBannerCollectionViewCell.h */ = {isa = PBXFileReference; fileEncoding = 4; lastKnownFileType = sourcecode.c.h; path = HomeBannerCollectionViewCell.h; sourceTree = "<group>"; };
		933DE8482244EFBB0057299F /* HomeBannerTableViewCell.h */ = {isa = PBXFileReference; fileEncoding = 4; lastKnownFileType = sourcecode.c.h; path = HomeBannerTableViewCell.h; sourceTree = "<group>"; };
		933DE8492244EFBC0057299F /* HomeBannerTableViewCell.m */ = {isa = PBXFileReference; fileEncoding = 4; lastKnownFileType = sourcecode.c.objc; path = HomeBannerTableViewCell.m; sourceTree = "<group>"; };
		933DE84A2244EFBC0057299F /* HomeBannerCollectionViewCell.m */ = {isa = PBXFileReference; fileEncoding = 4; lastKnownFileType = sourcecode.c.objc; path = HomeBannerCollectionViewCell.m; sourceTree = "<group>"; };
		933DE84B2244EFBC0057299F /* HomeBannerTableViewCell.xib */ = {isa = PBXFileReference; fileEncoding = 4; lastKnownFileType = file.xib; path = HomeBannerTableViewCell.xib; sourceTree = "<group>"; };
		933DE8502244EFC70057299F /* HomeTwoTableViewCell.xib */ = {isa = PBXFileReference; fileEncoding = 4; lastKnownFileType = file.xib; path = HomeTwoTableViewCell.xib; sourceTree = "<group>"; };
		933DE8512244EFC70057299F /* HomeTitleTableViewCell.xib */ = {isa = PBXFileReference; fileEncoding = 4; lastKnownFileType = file.xib; path = HomeTitleTableViewCell.xib; sourceTree = "<group>"; };
		933DE8522244EFC70057299F /* HomeChangeTableViewCell.h */ = {isa = PBXFileReference; fileEncoding = 4; lastKnownFileType = sourcecode.c.h; path = HomeChangeTableViewCell.h; sourceTree = "<group>"; };
		933DE8532244EFC70057299F /* HomeChangeTableViewCell.m */ = {isa = PBXFileReference; fileEncoding = 4; lastKnownFileType = sourcecode.c.objc; path = HomeChangeTableViewCell.m; sourceTree = "<group>"; };
		933DE8542244EFC80057299F /* HomeChangeTableViewCell.xib */ = {isa = PBXFileReference; fileEncoding = 4; lastKnownFileType = file.xib; path = HomeChangeTableViewCell.xib; sourceTree = "<group>"; };
		933DE8552244EFC80057299F /* HomeTitleTableViewCell.h */ = {isa = PBXFileReference; fileEncoding = 4; lastKnownFileType = sourcecode.c.h; path = HomeTitleTableViewCell.h; sourceTree = "<group>"; };
		933DE8562244EFC80057299F /* HomeTwoTableViewCell.h */ = {isa = PBXFileReference; fileEncoding = 4; lastKnownFileType = sourcecode.c.h; path = HomeTwoTableViewCell.h; sourceTree = "<group>"; };
		933DE8572244EFC80057299F /* HomeTwoTableViewCell.m */ = {isa = PBXFileReference; fileEncoding = 4; lastKnownFileType = sourcecode.c.objc; path = HomeTwoTableViewCell.m; sourceTree = "<group>"; };
		933DE8582244EFC80057299F /* HomeTitleTableViewCell.m */ = {isa = PBXFileReference; fileEncoding = 4; lastKnownFileType = sourcecode.c.objc; path = HomeTitleTableViewCell.m; sourceTree = "<group>"; };
		933DE8602244F0720057299F /* TYCyclePagerView.h */ = {isa = PBXFileReference; fileEncoding = 4; lastKnownFileType = sourcecode.c.h; path = TYCyclePagerView.h; sourceTree = "<group>"; };
		933DE8612244F0720057299F /* TYCyclePagerTransformLayout.h */ = {isa = PBXFileReference; fileEncoding = 4; lastKnownFileType = sourcecode.c.h; path = TYCyclePagerTransformLayout.h; sourceTree = "<group>"; };
		933DE8622244F0720057299F /* TYPageControl.m */ = {isa = PBXFileReference; fileEncoding = 4; lastKnownFileType = sourcecode.c.objc; path = TYPageControl.m; sourceTree = "<group>"; };
		933DE8632244F0720057299F /* TYCyclePagerView.m */ = {isa = PBXFileReference; fileEncoding = 4; lastKnownFileType = sourcecode.c.objc; path = TYCyclePagerView.m; sourceTree = "<group>"; };
		933DE8642244F0720057299F /* TYCyclePagerTransformLayout.m */ = {isa = PBXFileReference; fileEncoding = 4; lastKnownFileType = sourcecode.c.objc; path = TYCyclePagerTransformLayout.m; sourceTree = "<group>"; };
		933DE8652244F0720057299F /* TYPageControl.h */ = {isa = PBXFileReference; fileEncoding = 4; lastKnownFileType = sourcecode.c.h; path = TYPageControl.h; sourceTree = "<group>"; };
		93D854AA2239E8AB00F3B13D /* WTTableViewCell.h */ = {isa = PBXFileReference; lastKnownFileType = sourcecode.c.h; path = WTTableViewCell.h; sourceTree = "<group>"; };
		93D854AB2239E8AB00F3B13D /* WTTableViewCell.m */ = {isa = PBXFileReference; lastKnownFileType = sourcecode.c.objc; path = WTTableViewCell.m; sourceTree = "<group>"; };
		93D854B3223A055300F3B13D /* HomeTableViewDefines.h */ = {isa = PBXFileReference; lastKnownFileType = sourcecode.c.h; path = HomeTableViewDefines.h; sourceTree = "<group>"; };
/* End PBXFileReference section */

/* Begin PBXFrameworksBuildPhase section */
		0443EAE62227AF610042ACCF /* Frameworks */ = {
			isa = PBXFrameworksBuildPhase;
			buildActionMask = 2147483647;
			files = (
			);
			runOnlyForDeploymentPostprocessing = 0;
		};
/* End PBXFrameworksBuildPhase section */

/* Begin PBXGroup section */
		041FAF682227B9290038F7B4 /* Home(首页) */ = {
			isa = PBXGroup;
			children = (
				041FAF722227C7650038F7B4 /* HomeViewController.h */,
				041FAF732227C7650038F7B4 /* HomeViewController.m */,
				93321BC22240ED19006E9256 /* ViewProxy */,
				93321BC32240ED84006E9256 /* Views */,
			);
			path = "Home(首页)";
			sourceTree = "<group>";
		};
		041FAF692227B9ED0038F7B4 /* Follow(关注) */ = {
			isa = PBXGroup;
			children = (
				041FAF752227C8F30038F7B4 /* FollowViewController.h */,
				041FAF762227C8F30038F7B4 /* FollowViewController.m */,
			);
			path = "Follow(关注)";
			sourceTree = "<group>";
		};
		041FAF6A2227BA790038F7B4 /* UserCentwe(我的) */ = {
			isa = PBXGroup;
			children = (
				041FAF7B2227C9A10038F7B4 /* UserCenterViewController.h */,
				041FAF7C2227C9A10038F7B4 /* UserCenterViewController.m */,
			);
			path = "UserCentwe(我的)";
			sourceTree = "<group>";
		};
		041FAF6B2227BE520038F7B4 /* Discovery(发现) */ = {
			isa = PBXGroup;
			children = (
				041FAF782227C92B0038F7B4 /* DiscoveryViewController.h */,
				041FAF792227C92B0038F7B4 /* DiscoveryViewController.m */,
			);
			path = "Discovery(发现)";
			sourceTree = "<group>";
		};
		0443EAE02227AF610042ACCF = {
			isa = PBXGroup;
			children = (
				0443EAEB2227AF610042ACCF /* recreation */,
				0443EAEA2227AF610042ACCF /* Products */,
			);
			sourceTree = "<group>";
		};
		0443EAEA2227AF610042ACCF /* Products */ = {
			isa = PBXGroup;
			children = (
				0443EAE92227AF610042ACCF /* recreation.app */,
			);
			name = Products;
			sourceTree = "<group>";
		};
		0443EAEB2227AF610042ACCF /* recreation */ = {
			isa = PBXGroup;
			children = (
				933218DD2240EB16006E9256 /* Checkouts */,
				933218CC2240E52E006E9256 /* Data */,
				933218D62240E755006E9256 /* WTCategories */,
				0443EB022227B46E0042ACCF /* UI */,
				0443EAEC2227AF620042ACCF /* AppDelegate.h */,
				0443EAED2227AF620042ACCF /* AppDelegate.m */,
				0443EB062227B6760042ACCF /* MainViewController.h */,
				0443EB072227B6760042ACCF /* MainViewController.m */,
				0443EAF22227AF620042ACCF /* Main.storyboard */,
				0443EAF52227AF770042ACCF /* Assets.xcassets */,
				0443EAF72227AF770042ACCF /* LaunchScreen.storyboard */,
				0443EAFA2227AF770042ACCF /* Info.plist */,
				0443EAFB2227AF770042ACCF /* main.m */,
				933218CB2240E0BF006E9256 /* WTZideo-PrefixHeader.h */,
			);
			path = recreation;
			sourceTree = "<group>";
		};
		0443EB022227B46E0042ACCF /* UI */ = {
			isa = PBXGroup;
			children = (
				0443EB092227B6F30042ACCF /* Share(共享) */,
				041FAF682227B9290038F7B4 /* Home(首页) */,
				041FAF692227B9ED0038F7B4 /* Follow(关注) */,
				041FAF6B2227BE520038F7B4 /* Discovery(发现) */,
				041FAF6A2227BA790038F7B4 /* UserCentwe(我的) */,
			);
			path = UI;
			sourceTree = "<group>";
		};
		0443EB092227B6F30042ACCF /* Share(共享) */ = {
			isa = PBXGroup;
			children = (
				933DE85F2244F0720057299F /* TYCyclePagerView */,
				041FAF6C2227BF200038F7B4 /* WTBaseViewController.h */,
				041FAF6D2227BF200038F7B4 /* WTBaseViewController.m */,
				041FAF6F2227C4460038F7B4 /* WTNavigationViewController.h */,
				041FAF702227C4460038F7B4 /* WTNavigationViewController.m */,
				041FAF7E2227EE110038F7B4 /* WTCollectionViewProxy.h */,
				041FAF7F2227EE110038F7B4 /* WTCollectionViewProxy.m */,
				04A967CB2229216200A352A2 /* WTCollectionViewCell.h */,
				04A967CC2229216200A352A2 /* WTCollectionViewCell.m */,
				04A967D42229313A00A352A2 /* WTTableViewProxy.h */,
				04A967D52229313A00A352A2 /* WTTableViewProxy.m */,
				93D854AA2239E8AB00F3B13D /* WTTableViewCell.h */,
				93D854AB2239E8AB00F3B13D /* WTTableViewCell.m */,
				93321BCB2240F38F006E9256 /* WTSegmentedControl.h */,
				93321BCC2240F38F006E9256 /* WTSegmentedControl.m */,
			);
			path = "Share(共享)";
			sourceTree = "<group>";
		};
		933218CC2240E52E006E9256 /* Data */ = {
			isa = PBXGroup;
			children = (
				933218CD2240E540006E9256 /* Home */,
			);
			path = Data;
			sourceTree = "<group>";
		};
		933218CD2240E540006E9256 /* Home */ = {
			isa = PBXGroup;
			children = (
				933218CF2240E6D0006E9256 /* Home_TableView_Response.json */,
				933218CE2240E6D0006E9256 /* WTResponse.h */,
				933218D02240E6D0006E9256 /* WTResponse.m */,
				933218D22240E6D0006E9256 /* HomeTemplateResponse.h */,
				933218D12240E6D0006E9256 /* HomeTemplateResponse.m */,
				933DE8422244E9CB0057299F /* HomeDataSource.h */,
				933DE8432244E9CB0057299F /* HomeDataSource.m */,
			);
			path = Home;
			sourceTree = "<group>";
		};
		933218D62240E755006E9256 /* WTCategories */ = {
			isa = PBXGroup;
			children = (
				933218D82240E755006E9256 /* UIColor+Custom.h */,
				933218D92240E755006E9256 /* UIColor+Custom.m */,
				933218DB2240E7AC006E9256 /* WTCategoriesHeader.h */,
			);
			path = WTCategories;
			sourceTree = "<group>";
		};
		933218DD2240EB16006E9256 /* Checkouts */ = {
			isa = PBXGroup;
			children = (
				933218DE2240EB16006E9256 /* Masonry */,
				933218FC2240EB16006E9256 /* AFNetworking */,
				933219C62240EB16006E9256 /* jsonmodel */,
			);
			name = Checkouts;
			path = Carthage/Checkouts;
			sourceTree = SOURCE_ROOT;
		};
		933218DE2240EB16006E9256 /* Masonry */ = {
			isa = PBXGroup;
			children = (
				933218DF2240EB16006E9256 /* Masonry */,
			);
			path = Masonry;
			sourceTree = "<group>";
		};
		933218DF2240EB16006E9256 /* Masonry */ = {
			isa = PBXGroup;
			children = (
				933218E02240EB16006E9256 /* MASCompositeConstraint.h */,
				933218E12240EB16006E9256 /* NSLayoutConstraint+MASDebugAdditions.m */,
				933218E22240EB16006E9256 /* MASConstraint+Private.h */,
				933218E32240EB16006E9256 /* MASLayoutConstraint.h */,
				933218E42240EB16006E9256 /* NSArray+MASShorthandAdditions.h */,
				933218E52240EB16006E9256 /* MASConstraintMaker.h */,
				933218E62240EB16006E9256 /* View+MASAdditions.h */,
				933218E72240EB16006E9256 /* NSArray+MASAdditions.h */,
				933218E82240EB16006E9256 /* MASUtilities.h */,
				933218E92240EB16006E9256 /* MASViewAttribute.h */,
				933218EA2240EB16006E9256 /* ViewController+MASAdditions.m */,
				933218EB2240EB16006E9256 /* MASViewConstraint.h */,
				933218EC2240EB16006E9256 /* MASConstraint.h */,
				933218ED2240EB16006E9256 /* NSLayoutConstraint+MASDebugAdditions.h */,
				933218EE2240EB16006E9256 /* MASCompositeConstraint.m */,
				933218EF2240EB16006E9256 /* MASConstraintMaker.m */,
				933218F02240EB16006E9256 /* MASLayoutConstraint.m */,
				933218F12240EB16006E9256 /* NSArray+MASAdditions.m */,
				933218F22240EB16006E9256 /* View+MASAdditions.m */,
				933218F32240EB16006E9256 /* View+MASShorthandAdditions.h */,
				933218F42240EB16006E9256 /* Masonry.h */,
				933218F52240EB16006E9256 /* MASConstraint.m */,
				933218F62240EB16006E9256 /* ViewController+MASAdditions.h */,
				933218F72240EB16006E9256 /* MASViewConstraint.m */,
				933218F82240EB16006E9256 /* MASViewAttribute.m */,
				933218F92240EB16006E9256 /* Info.plist */,
			);
			path = Masonry;
			sourceTree = "<group>";
		};
		933218FC2240EB16006E9256 /* AFNetworking */ = {
			isa = PBXGroup;
			children = (
				933219912240EB16006E9256 /* UIKit+AFNetworking */,
				933219B62240EB16006E9256 /* AFNetworking */,
			);
			path = AFNetworking;
			sourceTree = "<group>";
		};
		933219912240EB16006E9256 /* UIKit+AFNetworking */ = {
			isa = PBXGroup;
			children = (
				933219922240EB16006E9256 /* UIProgressView+AFNetworking.m */,
				933219932240EB16006E9256 /* UIButton+AFNetworking.h */,
				933219942240EB16006E9256 /* UIRefreshControl+AFNetworking.m */,
				933219952240EB16006E9256 /* UIImageView+AFNetworking.h */,
				933219962240EB16006E9256 /* AFImageDownloader.h */,
				933219972240EB16006E9256 /* AFNetworkActivityIndicatorManager.m */,
				933219982240EB16006E9256 /* AFAutoPurgingImageCache.h */,
				933219992240EB16006E9256 /* UIWebView+AFNetworking.h */,
				9332199A2240EB16006E9256 /* UIActivityIndicatorView+AFNetworking.h */,
				9332199B2240EB16006E9256 /* UIImage+AFNetworking.h */,
				9332199C2240EB16006E9256 /* UIProgressView+AFNetworking.h */,
				9332199D2240EB16006E9256 /* UIImageView+AFNetworking.m */,
				9332199E2240EB16006E9256 /* UIKit+AFNetworking.h */,
				9332199F2240EB16006E9256 /* UIRefreshControl+AFNetworking.h */,
				933219A02240EB16006E9256 /* UIButton+AFNetworking.m */,
				933219A12240EB16006E9256 /* UIActivityIndicatorView+AFNetworking.m */,
				933219A22240EB16006E9256 /* UIWebView+AFNetworking.m */,
				933219A32240EB16006E9256 /* AFAutoPurgingImageCache.m */,
				933219A42240EB16006E9256 /* AFNetworkActivityIndicatorManager.h */,
				933219A52240EB16006E9256 /* AFImageDownloader.m */,
			);
			path = "UIKit+AFNetworking";
			sourceTree = "<group>";
		};
		933219B62240EB16006E9256 /* AFNetworking */ = {
			isa = PBXGroup;
			children = (
				933219B72240EB16006E9256 /* AFSecurityPolicy.h */,
				933219B82240EB16006E9256 /* AFNetworkReachabilityManager.h */,
				933219B92240EB16006E9256 /* AFURLSessionManager.h */,
				933219BA2240EB16006E9256 /* AFURLRequestSerialization.h */,
				933219BB2240EB16006E9256 /* AFURLResponseSerialization.m */,
				933219BC2240EB16006E9256 /* AFHTTPSessionManager.m */,
				933219BD2240EB16006E9256 /* AFURLResponseSerialization.h */,
				933219BE2240EB16006E9256 /* AFURLSessionManager.m */,
				933219BF2240EB16006E9256 /* AFURLRequestSerialization.m */,
				933219C02240EB16006E9256 /* AFNetworking.h */,
				933219C12240EB16006E9256 /* AFNetworkReachabilityManager.m */,
				933219C22240EB16006E9256 /* AFSecurityPolicy.m */,
				933219C32240EB16006E9256 /* AFCompatibilityMacros.h */,
				933219C42240EB16006E9256 /* AFHTTPSessionManager.h */,
			);
			path = AFNetworking;
			sourceTree = "<group>";
		};
		933219C62240EB16006E9256 /* jsonmodel */ = {
			isa = PBXGroup;
			children = (
				93321A672240EB17006E9256 /* JSONModel */,
			);
			path = jsonmodel;
			sourceTree = "<group>";
		};
		93321A672240EB17006E9256 /* JSONModel */ = {
			isa = PBXGroup;
			children = (
				93321A682240EB17006E9256 /* JSONModelTransformations */,
				93321A6D2240EB17006E9256 /* JSONModel */,
				93321A742240EB17006E9256 /* JSONModel.modulemap */,
				93321A752240EB17006E9256 /* Info.plist */,
				93321A762240EB17006E9256 /* JSONModelLib.h */,
				93321A772240EB17006E9256 /* JSONModelNetworking */,
			);
			path = JSONModel;
			sourceTree = "<group>";
		};
		93321A682240EB17006E9256 /* JSONModelTransformations */ = {
			isa = PBXGroup;
			children = (
				93321A692240EB17006E9256 /* JSONValueTransformer.m */,
				93321A6A2240EB17006E9256 /* JSONKeyMapper.h */,
				93321A6B2240EB17006E9256 /* JSONValueTransformer.h */,
				93321A6C2240EB17006E9256 /* JSONKeyMapper.m */,
			);
			path = JSONModelTransformations;
			sourceTree = "<group>";
		};
		93321A6D2240EB17006E9256 /* JSONModel */ = {
			isa = PBXGroup;
			children = (
				93321A6E2240EB17006E9256 /* JSONModel.m */,
				93321A6F2240EB17006E9256 /* JSONModelError.m */,
				93321A702240EB17006E9256 /* JSONModelClassProperty.h */,
				93321A712240EB17006E9256 /* JSONModel.h */,
				93321A722240EB17006E9256 /* JSONModelClassProperty.m */,
				93321A732240EB17006E9256 /* JSONModelError.h */,
			);
			path = JSONModel;
			sourceTree = "<group>";
		};
		93321A772240EB17006E9256 /* JSONModelNetworking */ = {
			isa = PBXGroup;
			children = (
				93321A782240EB17006E9256 /* JSONHTTPClient.m */,
				93321A792240EB17006E9256 /* JSONAPI.m */,
				93321A7A2240EB17006E9256 /* JSONModel+networking.h */,
				93321A7B2240EB17006E9256 /* JSONHTTPClient.h */,
				93321A7C2240EB17006E9256 /* JSONAPI.h */,
				93321A7D2240EB17006E9256 /* JSONModel+networking.m */,
			);
			path = JSONModelNetworking;
			sourceTree = "<group>";
		};
		93321BC22240ED19006E9256 /* ViewProxy */ = {
			isa = PBXGroup;
			children = (
				93D854B3223A055300F3B13D /* HomeTableViewDefines.h */,
				04A967D7222933CE00A352A2 /* HomeTableViewProxy.h */,
				04A967D8222933CE00A352A2 /* HomeTableViewProxy.m */,
				04A967CE2229220800A352A2 /* HomeCollectionViewProxy.h */,
				04A967CF2229220800A352A2 /* HomeCollectionViewProxy.m */,
			);
			path = ViewProxy;
			sourceTree = "<group>";
		};
		93321BC32240ED84006E9256 /* Views */ = {
			isa = PBXGroup;
			children = (
				04A967D12229224200A352A2 /* HomeCollectionViewCell.h */,
				04A967D22229224200A352A2 /* HomeCollectionViewCell.m */,
				93321BC42240EE82006E9256 /* tableView cells */,
			);
			path = Views;
			sourceTree = "<group>";
		};
		93321BC42240EE82006E9256 /* tableView cells */ = {
			isa = PBXGroup;
			children = (
				933DE8452244EF1F0057299F /* banner */,
				933DE8522244EFC70057299F /* HomeChangeTableViewCell.h */,
				933DE8532244EFC70057299F /* HomeChangeTableViewCell.m */,
				933DE8542244EFC80057299F /* HomeChangeTableViewCell.xib */,
				933DE8552244EFC80057299F /* HomeTitleTableViewCell.h */,
				933DE8582244EFC80057299F /* HomeTitleTableViewCell.m */,
				933DE8512244EFC70057299F /* HomeTitleTableViewCell.xib */,
				933DE8562244EFC80057299F /* HomeTwoTableViewCell.h */,
				933DE8572244EFC80057299F /* HomeTwoTableViewCell.m */,
				933DE8502244EFC70057299F /* HomeTwoTableViewCell.xib */,
			);
			path = "tableView cells";
			sourceTree = "<group>";
		};
		933DE8452244EF1F0057299F /* banner */ = {
			isa = PBXGroup;
			children = (
				933DE8472244EFBB0057299F /* HomeBannerCollectionViewCell.h */,
				933DE84A2244EFBC0057299F /* HomeBannerCollectionViewCell.m */,
				933DE8462244EFBB0057299F /* HomeBannerCollectionViewCell.xib */,
				933DE8482244EFBB0057299F /* HomeBannerTableViewCell.h */,
				933DE8492244EFBC0057299F /* HomeBannerTableViewCell.m */,
				933DE84B2244EFBC0057299F /* HomeBannerTableViewCell.xib */,
			);
			path = banner;
			sourceTree = "<group>";
		};
		933DE85F2244F0720057299F /* TYCyclePagerView */ = {
			isa = PBXGroup;
			children = (
				933DE8602244F0720057299F /* TYCyclePagerView.h */,
				933DE8612244F0720057299F /* TYCyclePagerTransformLayout.h */,
				933DE8622244F0720057299F /* TYPageControl.m */,
				933DE8632244F0720057299F /* TYCyclePagerView.m */,
				933DE8642244F0720057299F /* TYCyclePagerTransformLayout.m */,
				933DE8652244F0720057299F /* TYPageControl.h */,
			);
			path = TYCyclePagerView;
			sourceTree = "<group>";
		};
/* End PBXGroup section */

/* Begin PBXNativeTarget section */
		0443EAE82227AF610042ACCF /* recreation */ = {
			isa = PBXNativeTarget;
			buildConfigurationList = 0443EAFF2227AF770042ACCF /* Build configuration list for PBXNativeTarget "recreation" */;
			buildPhases = (
				0443EAE52227AF610042ACCF /* Sources */,
				0443EAE62227AF610042ACCF /* Frameworks */,
				0443EAE72227AF610042ACCF /* Resources */,
				933218A22240DF61006E9256 /* CopyFiles */,
			);
			buildRules = (
			);
			dependencies = (
			);
			name = recreation;
			productName = recreation;
			productReference = 0443EAE92227AF610042ACCF /* recreation.app */;
			productType = "com.apple.product-type.application";
		};
/* End PBXNativeTarget section */

/* Begin PBXProject section */
		0443EAE12227AF610042ACCF /* Project object */ = {
			isa = PBXProject;
			attributes = {
				LastUpgradeCheck = 0940;
				ORGANIZATIONNAME = WT;
				TargetAttributes = {
					0443EAE82227AF610042ACCF = {
						CreatedOnToolsVersion = 9.4.1;
					};
				};
			};
			buildConfigurationList = 0443EAE42227AF610042ACCF /* Build configuration list for PBXProject "recreation" */;
			compatibilityVersion = "Xcode 9.3";
			developmentRegion = en;
			hasScannedForEncodings = 0;
			knownRegions = (
				en,
				Base,
			);
			mainGroup = 0443EAE02227AF610042ACCF;
			productRefGroup = 0443EAEA2227AF610042ACCF /* Products */;
			projectDirPath = "";
			projectRoot = "";
			targets = (
				0443EAE82227AF610042ACCF /* recreation */,
			);
		};
/* End PBXProject section */

/* Begin PBXResourcesBuildPhase section */
		0443EAE72227AF610042ACCF /* Resources */ = {
			isa = PBXResourcesBuildPhase;
			buildActionMask = 2147483647;
			files = (
				0443EAF92227AF770042ACCF /* LaunchScreen.storyboard in Resources */,
				933DE85A2244EFC80057299F /* HomeTitleTableViewCell.xib in Resources */,
				933DE84C2244EFBC0057299F /* HomeBannerCollectionViewCell.xib in Resources */,
				93321BBD2240EB17006E9256 /* Info.plist in Resources */,
				0443EAF62227AF770042ACCF /* Assets.xcassets in Resources */,
				0443EAF42227AF620042ACCF /* Main.storyboard in Resources */,
				93321AD72240EB17006E9256 /* Info.plist in Resources */,
				933DE8592244EFC80057299F /* HomeTwoTableViewCell.xib in Resources */,
				933DE84F2244EFBC0057299F /* HomeBannerTableViewCell.xib in Resources */,
				933DE85C2244EFC80057299F /* HomeChangeTableViewCell.xib in Resources */,
				933218D32240E6D0006E9256 /* Home_TableView_Response.json in Resources */,
			);
			runOnlyForDeploymentPostprocessing = 0;
		};
/* End PBXResourcesBuildPhase section */

/* Begin PBXSourcesBuildPhase section */
		0443EAE52227AF610042ACCF /* Sources */ = {
			isa = PBXSourcesBuildPhase;
			buildActionMask = 2147483647;
			files = (
				93321B502240EB17006E9256 /* AFURLRequestSerialization.m in Sources */,
				933DE84D2244EFBC0057299F /* HomeBannerTableViewCell.m in Sources */,
				93321BC02240EB17006E9256 /* JSONModel+networking.m in Sources */,
				93321B372240EB17006E9256 /* AFNetworkActivityIndicatorManager.m in Sources */,
				041FAF802227EE110038F7B4 /* WTCollectionViewProxy.m in Sources */,
				041FAF6E2227BF200038F7B4 /* WTBaseViewController.m in Sources */,
				0443EAFC2227AF770042ACCF /* main.m in Sources */,
				933DE84E2244EFBC0057299F /* HomeBannerCollectionViewCell.m in Sources */,
				041FAF772227C8F30038F7B4 /* FollowViewController.m in Sources */,
				93321BB82240EB17006E9256 /* JSONValueTransformer.m in Sources */,
				93321ACF2240EB17006E9256 /* MASCompositeConstraint.m in Sources */,
				933218D52240E6D0006E9256 /* HomeTemplateResponse.m in Sources */,
				93321AD12240EB17006E9256 /* MASLayoutConstraint.m in Sources */,
				933218D42240E6D0006E9256 /* WTResponse.m in Sources */,
				933DE8442244E9CB0057299F /* HomeDataSource.m in Sources */,
				041FAF712227C4460038F7B4 /* WTNavigationViewController.m in Sources */,
				933218DA2240E755006E9256 /* UIColor+Custom.m in Sources */,
				0443EAEE2227AF620042ACCF /* AppDelegate.m in Sources */,
				041FAF7A2227C92B0038F7B4 /* DiscoveryViewController.m in Sources */,
				04A967D62229313B00A352A2 /* WTTableViewProxy.m in Sources */,
				933DE8682244F0720057299F /* TYCyclePagerTransformLayout.m in Sources */,
				93321ACD2240EB17006E9256 /* NSLayoutConstraint+MASDebugAdditions.m in Sources */,
				93321B362240EB17006E9256 /* UIRefreshControl+AFNetworking.m in Sources */,
				93321B4F2240EB17006E9256 /* AFURLSessionManager.m in Sources */,
				93321BCD2240F38F006E9256 /* WTSegmentedControl.m in Sources */,
				93321B4E2240EB17006E9256 /* AFHTTPSessionManager.m in Sources */,
				933DE8662244F0720057299F /* TYPageControl.m in Sources */,
				93321B3D2240EB17006E9256 /* AFImageDownloader.m in Sources */,
				93321BB92240EB17006E9256 /* JSONKeyMapper.m in Sources */,
				933DE85B2244EFC80057299F /* HomeChangeTableViewCell.m in Sources */,
				041FAF742227C7650038F7B4 /* HomeViewController.m in Sources */,
				93321B392240EB17006E9256 /* UIButton+AFNetworking.m in Sources */,
				93321BBC2240EB17006E9256 /* JSONModelClassProperty.m in Sources */,
				93321AD52240EB17006E9256 /* MASViewConstraint.m in Sources */,
				93321B522240EB17006E9256 /* AFSecurityPolicy.m in Sources */,
				93321ACE2240EB17006E9256 /* ViewController+MASAdditions.m in Sources */,
				93321B382240EB17006E9256 /* UIImageView+AFNetworking.m in Sources */,
				04A967D32229224200A352A2 /* HomeCollectionViewCell.m in Sources */,
				93321B3C2240EB17006E9256 /* AFAutoPurgingImageCache.m in Sources */,
				93321B3B2240EB17006E9256 /* UIWebView+AFNetworking.m in Sources */,
				93321B3A2240EB17006E9256 /* UIActivityIndicatorView+AFNetworking.m in Sources */,
				93D854AC2239E8AB00F3B13D /* WTTableViewCell.m in Sources */,
				041FAF7D2227C9A10038F7B4 /* UserCenterViewController.m in Sources */,
				93321B352240EB17006E9256 /* UIProgressView+AFNetworking.m in Sources */,
				93321AD32240EB17006E9256 /* View+MASAdditions.m in Sources */,
				93321BBA2240EB17006E9256 /* JSONModel.m in Sources */,
				93321AD62240EB17006E9256 /* MASViewAttribute.m in Sources */,
				04A967CD2229216200A352A2 /* WTCollectionViewCell.m in Sources */,
				933DE8672244F0720057299F /* TYCyclePagerView.m in Sources */,
				93321AD42240EB17006E9256 /* MASConstraint.m in Sources */,
				93321BBB2240EB17006E9256 /* JSONModelError.m in Sources */,
				04A967D02229220800A352A2 /* HomeCollectionViewProxy.m in Sources */,
				933DE85E2244EFC80057299F /* HomeTitleTableViewCell.m in Sources */,
				93321AD02240EB17006E9256 /* MASConstraintMaker.m in Sources */,
				93321AD22240EB17006E9256 /* NSArray+MASAdditions.m in Sources */,
				93321B4D2240EB17006E9256 /* AFURLResponseSerialization.m in Sources */,
				93321B512240EB17006E9256 /* AFNetworkReachabilityManager.m in Sources */,
				933DE85D2244EFC80057299F /* HomeTwoTableViewCell.m in Sources */,
				93321BBF2240EB17006E9256 /* JSONAPI.m in Sources */,
				0443EB082227B6760042ACCF /* MainViewController.m in Sources */,
				04A967D9222933CE00A352A2 /* HomeTableViewProxy.m in Sources */,
				93321BBE2240EB17006E9256 /* JSONHTTPClient.m in Sources */,
			);
			runOnlyForDeploymentPostprocessing = 0;
		};
/* End PBXSourcesBuildPhase section */

/* Begin PBXVariantGroup section */
		0443EAF22227AF620042ACCF /* Main.storyboard */ = {
			isa = PBXVariantGroup;
			children = (
				0443EAF32227AF620042ACCF /* Base */,
			);
			name = Main.storyboard;
			sourceTree = "<group>";
		};
		0443EAF72227AF770042ACCF /* LaunchScreen.storyboard */ = {
			isa = PBXVariantGroup;
			children = (
				0443EAF82227AF770042ACCF /* Base */,
			);
			name = LaunchScreen.storyboard;
			sourceTree = "<group>";
		};
/* End PBXVariantGroup section */

/* Begin XCBuildConfiguration section */
		0443EAFD2227AF770042ACCF /* Debug */ = {
			isa = XCBuildConfiguration;
			buildSettings = {
				ALWAYS_SEARCH_USER_PATHS = NO;
				CLANG_ANALYZER_NONNULL = YES;
				CLANG_ANALYZER_NUMBER_OBJECT_CONVERSION = YES_AGGRESSIVE;
				CLANG_CXX_LANGUAGE_STANDARD = "gnu++14";
				CLANG_CXX_LIBRARY = "libc++";
				CLANG_ENABLE_MODULES = YES;
				CLANG_ENABLE_OBJC_ARC = YES;
				CLANG_ENABLE_OBJC_WEAK = YES;
				CLANG_WARN_BLOCK_CAPTURE_AUTORELEASING = YES;
				CLANG_WARN_BOOL_CONVERSION = YES;
				CLANG_WARN_COMMA = YES;
				CLANG_WARN_CONSTANT_CONVERSION = YES;
				CLANG_WARN_DEPRECATED_OBJC_IMPLEMENTATIONS = YES;
				CLANG_WARN_DIRECT_OBJC_ISA_USAGE = YES_ERROR;
				CLANG_WARN_DOCUMENTATION_COMMENTS = YES;
				CLANG_WARN_EMPTY_BODY = YES;
				CLANG_WARN_ENUM_CONVERSION = YES;
				CLANG_WARN_INFINITE_RECURSION = YES;
				CLANG_WARN_INT_CONVERSION = YES;
				CLANG_WARN_NON_LITERAL_NULL_CONVERSION = YES;
				CLANG_WARN_OBJC_IMPLICIT_RETAIN_SELF = YES;
				CLANG_WARN_OBJC_LITERAL_CONVERSION = YES;
				CLANG_WARN_OBJC_ROOT_CLASS = YES_ERROR;
				CLANG_WARN_RANGE_LOOP_ANALYSIS = YES;
				CLANG_WARN_STRICT_PROTOTYPES = YES;
				CLANG_WARN_SUSPICIOUS_MOVE = YES;
				CLANG_WARN_UNGUARDED_AVAILABILITY = YES_AGGRESSIVE;
				CLANG_WARN_UNREACHABLE_CODE = YES;
				CLANG_WARN__DUPLICATE_METHOD_MATCH = YES;
				CODE_SIGN_IDENTITY = "iPhone Developer";
				COPY_PHASE_STRIP = NO;
				DEBUG_INFORMATION_FORMAT = dwarf;
				ENABLE_STRICT_OBJC_MSGSEND = YES;
				ENABLE_TESTABILITY = YES;
				GCC_C_LANGUAGE_STANDARD = gnu11;
				GCC_DYNAMIC_NO_PIC = NO;
				GCC_NO_COMMON_BLOCKS = YES;
				GCC_OPTIMIZATION_LEVEL = 0;
				GCC_PREPROCESSOR_DEFINITIONS = (
					"DEBUG=1",
					"$(inherited)",
				);
				GCC_WARN_64_TO_32_BIT_CONVERSION = YES;
				GCC_WARN_ABOUT_RETURN_TYPE = YES_ERROR;
				GCC_WARN_UNDECLARED_SELECTOR = YES;
				GCC_WARN_UNINITIALIZED_AUTOS = YES_AGGRESSIVE;
				GCC_WARN_UNUSED_FUNCTION = YES;
				GCC_WARN_UNUSED_VARIABLE = YES;
				IPHONEOS_DEPLOYMENT_TARGET = 11.4;
				MTL_ENABLE_DEBUG_INFO = YES;
				ONLY_ACTIVE_ARCH = YES;
				SDKROOT = iphoneos;
			};
			name = Debug;
		};
		0443EAFE2227AF770042ACCF /* Release */ = {
			isa = XCBuildConfiguration;
			buildSettings = {
				ALWAYS_SEARCH_USER_PATHS = NO;
				CLANG_ANALYZER_NONNULL = YES;
				CLANG_ANALYZER_NUMBER_OBJECT_CONVERSION = YES_AGGRESSIVE;
				CLANG_CXX_LANGUAGE_STANDARD = "gnu++14";
				CLANG_CXX_LIBRARY = "libc++";
				CLANG_ENABLE_MODULES = YES;
				CLANG_ENABLE_OBJC_ARC = YES;
				CLANG_ENABLE_OBJC_WEAK = YES;
				CLANG_WARN_BLOCK_CAPTURE_AUTORELEASING = YES;
				CLANG_WARN_BOOL_CONVERSION = YES;
				CLANG_WARN_COMMA = YES;
				CLANG_WARN_CONSTANT_CONVERSION = YES;
				CLANG_WARN_DEPRECATED_OBJC_IMPLEMENTATIONS = YES;
				CLANG_WARN_DIRECT_OBJC_ISA_USAGE = YES_ERROR;
				CLANG_WARN_DOCUMENTATION_COMMENTS = YES;
				CLANG_WARN_EMPTY_BODY = YES;
				CLANG_WARN_ENUM_CONVERSION = YES;
				CLANG_WARN_INFINITE_RECURSION = YES;
				CLANG_WARN_INT_CONVERSION = YES;
				CLANG_WARN_NON_LITERAL_NULL_CONVERSION = YES;
				CLANG_WARN_OBJC_IMPLICIT_RETAIN_SELF = YES;
				CLANG_WARN_OBJC_LITERAL_CONVERSION = YES;
				CLANG_WARN_OBJC_ROOT_CLASS = YES_ERROR;
				CLANG_WARN_RANGE_LOOP_ANALYSIS = YES;
				CLANG_WARN_STRICT_PROTOTYPES = YES;
				CLANG_WARN_SUSPICIOUS_MOVE = YES;
				CLANG_WARN_UNGUARDED_AVAILABILITY = YES_AGGRESSIVE;
				CLANG_WARN_UNREACHABLE_CODE = YES;
				CLANG_WARN__DUPLICATE_METHOD_MATCH = YES;
				CODE_SIGN_IDENTITY = "iPhone Developer";
				COPY_PHASE_STRIP = NO;
				DEBUG_INFORMATION_FORMAT = "dwarf-with-dsym";
				ENABLE_NS_ASSERTIONS = NO;
				ENABLE_STRICT_OBJC_MSGSEND = YES;
				GCC_C_LANGUAGE_STANDARD = gnu11;
				GCC_NO_COMMON_BLOCKS = YES;
				GCC_WARN_64_TO_32_BIT_CONVERSION = YES;
				GCC_WARN_ABOUT_RETURN_TYPE = YES_ERROR;
				GCC_WARN_UNDECLARED_SELECTOR = YES;
				GCC_WARN_UNINITIALIZED_AUTOS = YES_AGGRESSIVE;
				GCC_WARN_UNUSED_FUNCTION = YES;
				GCC_WARN_UNUSED_VARIABLE = YES;
				IPHONEOS_DEPLOYMENT_TARGET = 11.4;
				MTL_ENABLE_DEBUG_INFO = NO;
				SDKROOT = iphoneos;
				VALIDATE_PRODUCT = YES;
			};
			name = Release;
		};
		0443EB002227AF770042ACCF /* Debug */ = {
			isa = XCBuildConfiguration;
			buildSettings = {
				ASSETCATALOG_COMPILER_APPICON_NAME = AppIcon;
				CODE_SIGN_STYLE = Automatic;
				DEVELOPMENT_TEAM = XV99QKSRHM;
				GCC_PREFIX_HEADER = "/Users/wangtao/Desktop/GitHub/iOS_Advanced/14_组件化/recreation/recreation/WTZideo-PrefixHeader.h";
				INFOPLIST_FILE = recreation/Info.plist;
				LD_RUNPATH_SEARCH_PATHS = (
					"$(inherited)",
					"@executable_path/Frameworks",
				);
				PRODUCT_BUNDLE_IDENTIFIER = com.wt.recreation.demo.recreation;
				PRODUCT_NAME = "$(TARGET_NAME)";
				TARGETED_DEVICE_FAMILY = "1,2";
			};
			name = Debug;
		};
		0443EB012227AF770042ACCF /* Release */ = {
			isa = XCBuildConfiguration;
			buildSettings = {
				ASSETCATALOG_COMPILER_APPICON_NAME = AppIcon;
				CODE_SIGN_STYLE = Automatic;
				DEVELOPMENT_TEAM = XV99QKSRHM;
				GCC_PREFIX_HEADER = "/Users/wangtao/Desktop/GitHub/iOS_Advanced/14_组件化/recreation/recreation/WTZideo-PrefixHeader.h";
				INFOPLIST_FILE = recreation/Info.plist;
				LD_RUNPATH_SEARCH_PATHS = (
					"$(inherited)",
					"@executable_path/Frameworks",
				);
				PRODUCT_BUNDLE_IDENTIFIER = com.wt.recreation.demo.recreation;
				PRODUCT_NAME = "$(TARGET_NAME)";
				TARGETED_DEVICE_FAMILY = "1,2";
			};
			name = Release;
		};
/* End XCBuildConfiguration section */

/* Begin XCConfigurationList section */
		0443EAE42227AF610042ACCF /* Build configuration list for PBXProject "recreation" */ = {
			isa = XCConfigurationList;
			buildConfigurations = (
				0443EAFD2227AF770042ACCF /* Debug */,
				0443EAFE2227AF770042ACCF /* Release */,
			);
			defaultConfigurationIsVisible = 0;
			defaultConfigurationName = Release;
		};
		0443EAFF2227AF770042ACCF /* Build configuration list for PBXNativeTarget "recreation" */ = {
			isa = XCConfigurationList;
			buildConfigurations = (
				0443EB002227AF770042ACCF /* Debug */,
				0443EB012227AF770042ACCF /* Release */,
			);
			defaultConfigurationIsVisible = 0;
			defaultConfigurationName = Release;
		};
/* End XCConfigurationList section */
	};
	rootObject = 0443EAE12227AF610042ACCF /* Project object */;
}
