// !$*UTF8*$!
{
	archiveVersion = 1;
	classes = {
	};
	objectVersion = 50;
	objects = {

/* Begin PBXBuildFile section */
		3C9D0D8321469D8A005C8706 /* main.m in Sources */ = {isa = PBXBuildFile; fileRef = 3C9D0D8221469D8A005C8706 /* main.m */; };
		3C9D0D8B21469DF4005C8706 /* TZPerson.m in Sources */ = {isa = PBXBuildFile; fileRef = 3C9D0D8A21469DF4005C8706 /* TZPerson.m */; };
		3C9D0D8E21469E20005C8706 /* TZDog.m in Sources */ = {isa = PBXBuildFile; fileRef = 3C9D0D8D21469E20005C8706 /* TZDog.m */; };
/* End PBXBuildFile section */

/* Begin PBXCopyFilesBuildPhase section */
		3C9D0D7D21469D8A005C8706 /* CopyFiles */ = {
			isa = PBXCopyFilesBuildPhase;
			buildActionMask = 2147483647;
			dstPath = /usr/share/man/man1/;
			dstSubfolderSpec = 0;
			files = (
			);
			runOnlyForDeploymentPostprocessing = 1;
		};
/* End PBXCopyFilesBuildPhase section */

/* Begin PBXFileReference section */
		044A038C219EA23C00209E41 /* main.cpp */ = {isa = PBXFileReference; lastKnownFileType = sourcecode.cpp.cpp; path = main.cpp; sourceTree = "<group>"; };
		3C9D0D7F21469D8A005C8706 /* Runtime001 */ = {isa = PBXFileReference; explicitFileType = "compiled.mach-o.executable"; includeInIndex = 0; path = Runtime001; sourceTree = BUILT_PRODUCTS_DIR; };
		3C9D0D8221469D8A005C8706 /* main.m */ = {isa = PBXFileReference; lastKnownFileType = sourcecode.c.objc; path = main.m; sourceTree = "<group>"; };
		3C9D0D8921469DF4005C8706 /* TZPerson.h */ = {isa = PBXFileReference; lastKnownFileType = sourcecode.c.h; path = TZPerson.h; sourceTree = "<group>"; };
		3C9D0D8A21469DF4005C8706 /* TZPerson.m */ = {isa = PBXFileReference; lastKnownFileType = sourcecode.c.objc; path = TZPerson.m; sourceTree = "<group>"; };
		3C9D0D8C21469E20005C8706 /* TZDog.h */ = {isa = PBXFileReference; lastKnownFileType = sourcecode.c.h; path = TZDog.h; sourceTree = "<group>"; };
		3C9D0D8D21469E20005C8706 /* TZDog.m */ = {isa = PBXFileReference; lastKnownFileType = sourcecode.c.objc; path = TZDog.m; sourceTree = "<group>"; };
/* End PBXFileReference section */

/* Begin PBXFrameworksBuildPhase section */
		3C9D0D7C21469D8A005C8706 /* Frameworks */ = {
			isa = PBXFrameworksBuildPhase;
			buildActionMask = 2147483647;
			files = (
			);
			runOnlyForDeploymentPostprocessing = 0;
		};
/* End PBXFrameworksBuildPhase section */

/* Begin PBXGroup section */
		3C9D0D7621469D8A005C8706 = {
			isa = PBXGroup;
			children = (
				3C9D0D8121469D8A005C8706 /* Runtime001 */,
				3C9D0D8021469D8A005C8706 /* Products */,
			);
			sourceTree = "<group>";
		};
		3C9D0D8021469D8A005C8706 /* Products */ = {
			isa = PBXGroup;
			children = (
				3C9D0D7F21469D8A005C8706 /* Runtime001 */,
			);
			name = Products;
			sourceTree = "<group>";
		};
		3C9D0D8121469D8A005C8706 /* Runtime001 */ = {
			isa = PBXGroup;
			children = (
				044A038C219EA23C00209E41 /* main.cpp */,
				3C9D0D8221469D8A005C8706 /* main.m */,
				3C9D0D8921469DF4005C8706 /* TZPerson.h */,
				3C9D0D8A21469DF4005C8706 /* TZPerson.m */,
				3C9D0D8C21469E20005C8706 /* TZDog.h */,
				3C9D0D8D21469E20005C8706 /* TZDog.m */,
			);
			path = Runtime001;
			sourceTree = "<group>";
		};
/* End PBXGroup section */

/* Begin PBXNativeTarget section */
		3C9D0D7E21469D8A005C8706 /* Runtime001 */ = {
			isa = PBXNativeTarget;
			buildConfigurationList = 3C9D0D8621469D8A005C8706 /* Build configuration list for PBXNativeTarget "Runtime001" */;
			buildPhases = (
				3C9D0D7B21469D8A005C8706 /* Sources */,
				3C9D0D7C21469D8A005C8706 /* Frameworks */,
				3C9D0D7D21469D8A005C8706 /* CopyFiles */,
			);
			buildRules = (
			);
			dependencies = (
			);
			name = Runtime001;
			productName = Runtime001;
			productReference = 3C9D0D7F21469D8A005C8706 /* Runtime001 */;
			productType = "com.apple.product-type.tool";
		};
/* End PBXNativeTarget section */

/* Begin PBXProject section */
		3C9D0D7721469D8A005C8706 /* Project object */ = {
			isa = PBXProject;
			attributes = {
				LastUpgradeCheck = 0940;
				ORGANIZATIONNAME = tz;
				TargetAttributes = {
					3C9D0D7E21469D8A005C8706 = {
						CreatedOnToolsVersion = 9.4.1;
					};
				};
			};
			buildConfigurationList = 3C9D0D7A21469D8A005C8706 /* Build configuration list for PBXProject "Runtime001" */;
			compatibilityVersion = "Xcode 9.3";
			developmentRegion = en;
			hasScannedForEncodings = 0;
			knownRegions = (
				en,
			);
			mainGroup = 3C9D0D7621469D8A005C8706;
			productRefGroup = 3C9D0D8021469D8A005C8706 /* Products */;
			projectDirPath = "";
			projectRoot = "";
			targets = (
				3C9D0D7E21469D8A005C8706 /* Runtime001 */,
			);
		};
/* End PBXProject section */

/* Begin PBXSourcesBuildPhase section */
		3C9D0D7B21469D8A005C8706 /* Sources */ = {
			isa = PBXSourcesBuildPhase;
			buildActionMask = 2147483647;
			files = (
				3C9D0D8E21469E20005C8706 /* TZDog.m in Sources */,
				3C9D0D8B21469DF4005C8706 /* TZPerson.m in Sources */,
				3C9D0D8321469D8A005C8706 /* main.m in Sources */,
			);
			runOnlyForDeploymentPostprocessing = 0;
		};
/* End PBXSourcesBuildPhase section */

/* Begin XCBuildConfiguration section */
		3C9D0D8421469D8A005C8706 /* Debug */ = {
			isa = XCBuildConfiguration;
			buildSettings = {
				ALWAYS_SEARCH_USER_PATHS = NO;
				CLANG_ANALYZER_NONNULL = YES;
				CLANG_ANALYZER_NUMBER_OBJECT_CONVERSION = YES_AGGRESSIVE;
				CLANG_CXX_LANGUAGE_STANDARD = "gnu++14";
				CLANG_CXX_LIBRARY = "libc++";
				CLANG_ENABLE_MODULES = YES;
				CLANG_ENABLE_OBJC_ARC = YES;
				CLANG_ENABLE_OBJC_WEAK = YES;
				CLANG_WARN_BLOCK_CAPTURE_AUTORELEASING = YES;
				CLANG_WARN_BOOL_CONVERSION = YES;
				CLANG_WARN_COMMA = YES;
				CLANG_WARN_CONSTANT_CONVERSION = YES;
				CLANG_WARN_DEPRECATED_OBJC_IMPLEMENTATIONS = YES;
				CLANG_WARN_DIRECT_OBJC_ISA_USAGE = YES_ERROR;
				CLANG_WARN_DOCUMENTATION_COMMENTS = YES;
				CLANG_WARN_EMPTY_BODY = YES;
				CLANG_WARN_ENUM_CONVERSION = YES;
				CLANG_WARN_INFINITE_RECURSION = YES;
				CLANG_WARN_INT_CONVERSION = YES;
				CLANG_WARN_NON_LITERAL_NULL_CONVERSION = YES;
				CLANG_WARN_OBJC_IMPLICIT_RETAIN_SELF = YES;
				CLANG_WARN_OBJC_LITERAL_CONVERSION = YES;
				CLANG_WARN_OBJC_ROOT_CLASS = YES_ERROR;
				CLANG_WARN_RANGE_LOOP_ANALYSIS = YES;
				CLANG_WARN_STRICT_PROTOTYPES = YES;
				CLANG_WARN_SUSPICIOUS_MOVE = YES;
				CLANG_WARN_UNGUARDED_AVAILABILITY = YES_AGGRESSIVE;
				CLANG_WARN_UNREACHABLE_CODE = YES;
				CLANG_WARN__DUPLICATE_METHOD_MATCH = YES;
				CODE_SIGN_IDENTITY = "Mac Developer";
				COPY_PHASE_STRIP = NO;
				DEBUG_INFORMATION_FORMAT = dwarf;
				ENABLE_STRICT_OBJC_MSGSEND = YES;
				ENABLE_TESTABILITY = YES;
				GCC_C_LANGUAGE_STANDARD = gnu11;
				GCC_DYNAMIC_NO_PIC = NO;
				GCC_NO_COMMON_BLOCKS = YES;
				GCC_OPTIMIZATION_LEVEL = 0;
				GCC_PREPROCESSOR_DEFINITIONS = (
					"DEBUG=1",
					"$(inherited)",
				);
				GCC_WARN_64_TO_32_BIT_CONVERSION = YES;
				GCC_WARN_ABOUT_RETURN_TYPE = YES_ERROR;
				GCC_WARN_UNDECLARED_SELECTOR = YES;
				GCC_WARN_UNINITIALIZED_AUTOS = YES_AGGRESSIVE;
				GCC_WARN_UNUSED_FUNCTION = YES;
				GCC_WARN_UNUSED_VARIABLE = YES;
				MACOSX_DEPLOYMENT_TARGET = 10.13;
				MTL_ENABLE_DEBUG_INFO = YES;
				ONLY_ACTIVE_ARCH = YES;
				SDKROOT = macosx;
			};
			name = Debug;
		};
		3C9D0D8521469D8A005C8706 /* Release */ = {
			isa = XCBuildConfiguration;
			buildSettings = {
				ALWAYS_SEARCH_USER_PATHS = NO;
				CLANG_ANALYZER_NONNULL = YES;
				CLANG_ANALYZER_NUMBER_OBJECT_CONVERSION = YES_AGGRESSIVE;
				CLANG_CXX_LANGUAGE_STANDARD = "gnu++14";
				CLANG_CXX_LIBRARY = "libc++";
				CLANG_ENABLE_MODULES = YES;
				CLANG_ENABLE_OBJC_ARC = YES;
				CLANG_ENABLE_OBJC_WEAK = YES;
				CLANG_WARN_BLOCK_CAPTURE_AUTORELEASING = YES;
				CLANG_WARN_BOOL_CONVERSION = YES;
				CLANG_WARN_COMMA = YES;
				CLANG_WARN_CONSTANT_CONVERSION = YES;
				CLANG_WARN_DEPRECATED_OBJC_IMPLEMENTATIONS = YES;
				CLANG_WARN_DIRECT_OBJC_ISA_USAGE = YES_ERROR;
				CLANG_WARN_DOCUMENTATION_COMMENTS = YES;
				CLANG_WARN_EMPTY_BODY = YES;
				CLANG_WARN_ENUM_CONVERSION = YES;
				CLANG_WARN_INFINITE_RECURSION = YES;
				CLANG_WARN_INT_CONVERSION = YES;
				CLANG_WARN_NON_LITERAL_NULL_CONVERSION = YES;
				CLANG_WARN_OBJC_IMPLICIT_RETAIN_SELF = YES;
				CLANG_WARN_OBJC_LITERAL_CONVERSION = YES;
				CLANG_WARN_OBJC_ROOT_CLASS = YES_ERROR;
				CLANG_WARN_RANGE_LOOP_ANALYSIS = YES;
				CLANG_WARN_STRICT_PROTOTYPES = YES;
				CLANG_WARN_SUSPICIOUS_MOVE = YES;
				CLANG_WARN_UNGUARDED_AVAILABILITY = YES_AGGRESSIVE;
				CLANG_WARN_UNREACHABLE_CODE = YES;
				CLANG_WARN__DUPLICATE_METHOD_MATCH = YES;
				CODE_SIGN_IDENTITY = "Mac Developer";
				COPY_PHASE_STRIP = NO;
				DEBUG_INFORMATION_FORMAT = "dwarf-with-dsym";
				ENABLE_NS_ASSERTIONS = NO;
				ENABLE_STRICT_OBJC_MSGSEND = YES;
				GCC_C_LANGUAGE_STANDARD = gnu11;
				GCC_NO_COMMON_BLOCKS = YES;
				GCC_WARN_64_TO_32_BIT_CONVERSION = YES;
				GCC_WARN_ABOUT_RETURN_TYPE = YES_ERROR;
				GCC_WARN_UNDECLARED_SELECTOR = YES;
				GCC_WARN_UNINITIALIZED_AUTOS = YES_AGGRESSIVE;
				GCC_WARN_UNUSED_FUNCTION = YES;
				GCC_WARN_UNUSED_VARIABLE = YES;
				MACOSX_DEPLOYMENT_TARGET = 10.13;
				MTL_ENABLE_DEBUG_INFO = NO;
				SDKROOT = macosx;
			};
			name = Release;
		};
		3C9D0D8721469D8A005C8706 /* Debug */ = {
			isa = XCBuildConfiguration;
			buildSettings = {
				CODE_SIGN_STYLE = Automatic;
				DEVELOPMENT_TEAM = XV99QKSRHM;
				ENABLE_STRICT_OBJC_MSGSEND = NO;
				PRODUCT_NAME = "$(TARGET_NAME)";
			};
			name = Debug;
		};
		3C9D0D8821469D8A005C8706 /* Release */ = {
			isa = XCBuildConfiguration;
			buildSettings = {
				CODE_SIGN_STYLE = Automatic;
				DEVELOPMENT_TEAM = XV99QKSRHM;
				ENABLE_STRICT_OBJC_MSGSEND = NO;
				PRODUCT_NAME = "$(TARGET_NAME)";
			};
			name = Release;
		};
/* End XCBuildConfiguration section */

/* Begin XCConfigurationList section */
		3C9D0D7A21469D8A005C8706 /* Build configuration list for PBXProject "Runtime001" */ = {
			isa = XCConfigurationList;
			buildConfigurations = (
				3C9D0D8421469D8A005C8706 /* Debug */,
				3C9D0D8521469D8A005C8706 /* Release */,
			);
			defaultConfigurationIsVisible = 0;
			defaultConfigurationName = Release;
		};
		3C9D0D8621469D8A005C8706 /* Build configuration list for PBXNativeTarget "Runtime001" */ = {
			isa = XCConfigurationList;
			buildConfigurations = (
				3C9D0D8721469D8A005C8706 /* Debug */,
				3C9D0D8821469D8A005C8706 /* Release */,
			);
			defaultConfigurationIsVisible = 0;
			defaultConfigurationName = Release;
		};
/* End XCConfigurationList section */
	};
	rootObject = 3C9D0D7721469D8A005C8706 /* Project object */;
}
